// !$*UTF8*$!
{
	archiveVersion = 1;
	classes = {
	};
	objectVersion = 46;
	objects = {

/* Begin PBXBuildFile section */
		DC2434091E1FBC52002FBDE7 /* Repo.swift in Sources */ = {isa = PBXBuildFile; fileRef = DC2434081E1FBC52002FBDE7 /* Repo.swift */; };
		DC24340B1E209AE7002FBDE7 /* Permission.swift in Sources */ = {isa = PBXBuildFile; fileRef = DC24340A1E209AE7002FBDE7 /* Permission.swift */; };
		DC24340D1E20E748002FBDE7 /* UserRouter.swift in Sources */ = {isa = PBXBuildFile; fileRef = DC24340C1E20E748002FBDE7 /* UserRouter.swift */; };
		DC24340F1E232294002FBDE7 /* StateController+AlertHelper.swift in Sources */ = {isa = PBXBuildFile; fileRef = DC24340E1E232294002FBDE7 /* StateController+AlertHelper.swift */; };
		DC2434441E2849F6002FBDE7 /* ActivityRouter.swift in Sources */ = {isa = PBXBuildFile; fileRef = DC2434431E2849F6002FBDE7 /* ActivityRouter.swift */; };
		DC2434461E284A4A002FBDE7 /* Feed.swift in Sources */ = {isa = PBXBuildFile; fileRef = DC2434451E284A4A002FBDE7 /* Feed.swift */; };
		DC3D8FBC1E33907500D349B6 /* Event.swift in Sources */ = {isa = PBXBuildFile; fileRef = DC3D8FBB1E33907500D349B6 /* Event.swift */; };
		DC3D8FBE1E33B71700D349B6 /* Payload.swift in Sources */ = {isa = PBXBuildFile; fileRef = DC3D8FBD1E33B71700D349B6 /* Payload.swift */; };
		DC3D8FC11E33B97400D349B6 /* PayloadIssuesEvent.swift in Sources */ = {isa = PBXBuildFile; fileRef = DC3D8FC01E33B97400D349B6 /* PayloadIssuesEvent.swift */; };
		DC3D8FC31E34549000D349B6 /* Constants.swift in Sources */ = {isa = PBXBuildFile; fileRef = DC3D8FC21E34549000D349B6 /* Constants.swift */; };
		DC3D8FC51E35769300D349B6 /* SetupAccount.storyboard in Resources */ = {isa = PBXBuildFile; fileRef = DC3D8FC41E35769300D349B6 /* SetupAccount.storyboard */; };
		DC3D8FC71E3576D300D349B6 /* SetupAccountViewController.swift in Sources */ = {isa = PBXBuildFile; fileRef = DC3D8FC61E3576D300D349B6 /* SetupAccountViewController.swift */; };
		DC5D649A1E0F9F4B00E92DDD /* Utils.swift in Sources */ = {isa = PBXBuildFile; fileRef = DC5D64991E0F9F4B00E92DDD /* Utils.swift */; };
		DC5D649C1E10005000E92DDD /* SettingsTableViewDelegate.swift in Sources */ = {isa = PBXBuildFile; fileRef = DC5D649B1E10005000E92DDD /* SettingsTableViewDelegate.swift */; };
		DC5D649E1E10006100E92DDD /* SettingsTableViewDataSource.swift in Sources */ = {isa = PBXBuildFile; fileRef = DC5D649D1E10006100E92DDD /* SettingsTableViewDataSource.swift */; };
		DC5D64A11E108E9100E92DDD /* ReposDetailViewController.swift in Sources */ = {isa = PBXBuildFile; fileRef = DC5D649F1E108E9100E92DDD /* ReposDetailViewController.swift */; };
		DC5D64A21E108E9100E92DDD /* ReposDetailViewController.xib in Resources */ = {isa = PBXBuildFile; fileRef = DC5D64A01E108E9100E92DDD /* ReposDetailViewController.xib */; };
		DC5E81D11E115D02008B1971 /* CreateIssuesViewController.swift in Sources */ = {isa = PBXBuildFile; fileRef = DC5E81CF1E115D02008B1971 /* CreateIssuesViewController.swift */; };
		DC5E81D21E115D02008B1971 /* CreateIssuesViewController.xib in Resources */ = {isa = PBXBuildFile; fileRef = DC5E81D01E115D02008B1971 /* CreateIssuesViewController.xib */; };
		DC61BCBE1E3C43E300BDF1CD /* ReposSelectionViewController.xib in Resources */ = {isa = PBXBuildFile; fileRef = DC61BCBD1E3C43E300BDF1CD /* ReposSelectionViewController.xib */; };
		DC61BCC01E3C4C4600BDF1CD /* ReposSelectionTableViewDelegate.swift in Sources */ = {isa = PBXBuildFile; fileRef = DC61BCBF1E3C4C4600BDF1CD /* ReposSelectionTableViewDelegate.swift */; };
		DC61BCC41E3F77AE00BDF1CD /* UIColor-extension.swift in Sources */ = {isa = PBXBuildFile; fileRef = DC61BCC31E3F77AE00BDF1CD /* UIColor-extension.swift */; };
		DC61BCC61E3F79E300BDF1CD /* UIAlertAction_extension.swift in Sources */ = {isa = PBXBuildFile; fileRef = DC61BCC51E3F79E300BDF1CD /* UIAlertAction_extension.swift */; };
		DC61BCC81E40063C00BDF1CD /* PlaceHolderTextView.swift in Sources */ = {isa = PBXBuildFile; fileRef = DC61BCC71E40063C00BDF1CD /* PlaceHolderTextView.swift */; };
		DC6C376A1E160854003D28C4 /* IssueDetailTableViewDelegate.swift in Sources */ = {isa = PBXBuildFile; fileRef = DC6C37691E160854003D28C4 /* IssueDetailTableViewDelegate.swift */; };
		DC6C376C1E160894003D28C4 /* IssueDetailTableViewDataSource.swift in Sources */ = {isa = PBXBuildFile; fileRef = DC6C376B1E160894003D28C4 /* IssueDetailTableViewDataSource.swift */; };
		DC6C377C1E1C9BFB003D28C4 /* Configs.swift in Sources */ = {isa = PBXBuildFile; fileRef = DC6C377B1E1C9BFB003D28C4 /* Configs.swift */; };
		DC6C377F1E1C9EA4003D28C4 /* GitHubAPIManager.swift in Sources */ = {isa = PBXBuildFile; fileRef = DC6C377E1E1C9EA4003D28C4 /* GitHubAPIManager.swift */; };
		DC6C37841E1C9EC2003D28C4 /* Alamofire.framework in Frameworks */ = {isa = PBXBuildFile; fileRef = DC6C37811E1C9EC2003D28C4 /* Alamofire.framework */; };
		DC6C37861E1C9EC2003D28C4 /* Locksmith.framework in Frameworks */ = {isa = PBXBuildFile; fileRef = DC6C37831E1C9EC2003D28C4 /* Locksmith.framework */; };
		DC6C378A1E1CBA11003D28C4 /* LoginViewController.swift in Sources */ = {isa = PBXBuildFile; fileRef = DC6C37881E1CBA11003D28C4 /* LoginViewController.swift */; };
		DC6C378B1E1CBA12003D28C4 /* LoginViewController.xib in Resources */ = {isa = PBXBuildFile; fileRef = DC6C37891E1CBA11003D28C4 /* LoginViewController.xib */; };
		DC6C378D1E1CD312003D28C4 /* RepoRouter.swift in Sources */ = {isa = PBXBuildFile; fileRef = DC6C378C1E1CD312003D28C4 /* RepoRouter.swift */; };
		DC6C378F1E1CD46C003D28C4 /* IssueRouter.swift in Sources */ = {isa = PBXBuildFile; fileRef = DC6C378E1E1CD46C003D28C4 /* IssueRouter.swift */; };
		DC6C37911E1D081C003D28C4 /* Issue.swift in Sources */ = {isa = PBXBuildFile; fileRef = DC6C37901E1D081C003D28C4 /* Issue.swift */; };
		DC6C37931E1DC049003D28C4 /* File.swift in Sources */ = {isa = PBXBuildFile; fileRef = DC6C37921E1DC049003D28C4 /* File.swift */; };
		DC6C37951E1DC2B8003D28C4 /* User.swift in Sources */ = {isa = PBXBuildFile; fileRef = DC6C37941E1DC2B8003D28C4 /* User.swift */; };
		DC709C1C1E4583AE00169C05 /* PhotoSectionsViewController.swift in Sources */ = {isa = PBXBuildFile; fileRef = DC709C1A1E4583AE00169C05 /* PhotoSectionsViewController.swift */; };
		DC709C1D1E4583AE00169C05 /* PhotoSectionsViewController.xib in Resources */ = {isa = PBXBuildFile; fileRef = DC709C1B1E4583AE00169C05 /* PhotoSectionsViewController.xib */; };
		DC709C1F1E45842900169C05 /* PhotosTableViewDataSource.swift in Sources */ = {isa = PBXBuildFile; fileRef = DC709C1E1E45842900169C05 /* PhotosTableViewDataSource.swift */; };
		DC709C211E45853C00169C05 /* PhotosTableViewDelegate.swift in Sources */ = {isa = PBXBuildFile; fileRef = DC709C201E45853C00169C05 /* PhotosTableViewDelegate.swift */; };
		DC7281651E0E178E00EEFC57 /* AppDelegate.swift in Sources */ = {isa = PBXBuildFile; fileRef = DC7281641E0E178E00EEFC57 /* AppDelegate.swift */; };
		DC7281671E0E178E00EEFC57 /* FeedsViewController.swift in Sources */ = {isa = PBXBuildFile; fileRef = DC7281661E0E178E00EEFC57 /* FeedsViewController.swift */; };
		DC72816A1E0E178E00EEFC57 /* Main.storyboard in Resources */ = {isa = PBXBuildFile; fileRef = DC7281681E0E178E00EEFC57 /* Main.storyboard */; };
		DC72816C1E0E178E00EEFC57 /* Assets.xcassets in Resources */ = {isa = PBXBuildFile; fileRef = DC72816B1E0E178E00EEFC57 /* Assets.xcassets */; };
		DC72816F1E0E178E00EEFC57 /* LaunchScreen.storyboard in Resources */ = {isa = PBXBuildFile; fileRef = DC72816D1E0E178E00EEFC57 /* LaunchScreen.storyboard */; };
		DC72817A1E0E178E00EEFC57 /* gitapTests.swift in Sources */ = {isa = PBXBuildFile; fileRef = DC7281791E0E178E00EEFC57 /* gitapTests.swift */; };
		DC7281851E0E178E00EEFC57 /* gitapUITests.swift in Sources */ = {isa = PBXBuildFile; fileRef = DC7281841E0E178E00EEFC57 /* gitapUITests.swift */; };
		DC7281931E0E1A7500EEFC57 /* ReposViewController.swift in Sources */ = {isa = PBXBuildFile; fileRef = DC7281921E0E1A7500EEFC57 /* ReposViewController.swift */; };
		DC7281951E0E1A8C00EEFC57 /* SettingsViewController.swift in Sources */ = {isa = PBXBuildFile; fileRef = DC7281941E0E1A8C00EEFC57 /* SettingsViewController.swift */; };
		DC72819D1E0E312E00EEFC57 /* StateController.swift in Sources */ = {isa = PBXBuildFile; fileRef = DC72819C1E0E312E00EEFC57 /* StateController.swift */; };
		DC7281A11E0E325200EEFC57 /* FeedsTableViewDelegate.swift in Sources */ = {isa = PBXBuildFile; fileRef = DC7281A01E0E325200EEFC57 /* FeedsTableViewDelegate.swift */; };
		DC7281A31E0E326500EEFC57 /* FeedsTableViewDataSource.swift in Sources */ = {isa = PBXBuildFile; fileRef = DC7281A21E0E326500EEFC57 /* FeedsTableViewDataSource.swift */; };
		DC7281A61E0E338D00EEFC57 /* FeedsTableViewCell.swift in Sources */ = {isa = PBXBuildFile; fileRef = DC7281A41E0E338D00EEFC57 /* FeedsTableViewCell.swift */; };
		DC7281A71E0E338D00EEFC57 /* FeedsTableViewCell.xib in Resources */ = {isa = PBXBuildFile; fileRef = DC7281A51E0E338D00EEFC57 /* FeedsTableViewCell.xib */; };
		DC7281A91E0F65A000EEFC57 /* ReposTableViewDelegate.swift in Sources */ = {isa = PBXBuildFile; fileRef = DC7281A81E0F65A000EEFC57 /* ReposTableViewDelegate.swift */; };
		DC7281AB1E0F665000EEFC57 /* ReposTableViewDataSource.swift in Sources */ = {isa = PBXBuildFile; fileRef = DC7281AA1E0F665000EEFC57 /* ReposTableViewDataSource.swift */; };
		DC7281AE1E0F6B4C00EEFC57 /* ReposTableViewCell.swift in Sources */ = {isa = PBXBuildFile; fileRef = DC7281AC1E0F6B4C00EEFC57 /* ReposTableViewCell.swift */; };
		DC7281AF1E0F6B4C00EEFC57 /* ReposTableViewCell.xib in Resources */ = {isa = PBXBuildFile; fileRef = DC7281AD1E0F6B4C00EEFC57 /* ReposTableViewCell.xib */; };
		DC867AFB1E3ABD1700DD0553 /* ReposSelectionViewController.swift in Sources */ = {isa = PBXBuildFile; fileRef = DC867AFA1E3ABD1700DD0553 /* ReposSelectionViewController.swift */; };
		DC867AFD1E3AD36600DD0553 /* MasterViewController.swift in Sources */ = {isa = PBXBuildFile; fileRef = DC867AFC1E3AD36600DD0553 /* MasterViewController.swift */; };
		DCC817281E14010700E7056C /* EditIssuesTableViewDelegate.swift in Sources */ = {isa = PBXBuildFile; fileRef = DCC817271E14010700E7056C /* EditIssuesTableViewDelegate.swift */; };
		DCC8172A1E14012000E7056C /* EditIssuesTableViewDataSource.swift in Sources */ = {isa = PBXBuildFile; fileRef = DCC817291E14012000E7056C /* EditIssuesTableViewDataSource.swift */; };
		DCC817311E14E9C600E7056C /* UIView-positioning.swift in Sources */ = {isa = PBXBuildFile; fileRef = DCC817301E14E9C600E7056C /* UIView-positioning.swift */; };
		DCC817371E15ECF700E7056C /* IssuesTableViewDelegate.swift in Sources */ = {isa = PBXBuildFile; fileRef = DCC817361E15ECF700E7056C /* IssuesTableViewDelegate.swift */; };
		DCC817391E15ED2700E7056C /* IssuesTableViewDataSource.swift in Sources */ = {isa = PBXBuildFile; fileRef = DCC817381E15ED2700E7056C /* IssuesTableViewDataSource.swift */; };
		DCC8173C1E15EE5500E7056C /* IssueDetailViewController.swift in Sources */ = {isa = PBXBuildFile; fileRef = DCC8173A1E15EE5500E7056C /* IssueDetailViewController.swift */; };
		DCC8173D1E15EE5500E7056C /* IssueDetailViewController.xib in Resources */ = {isa = PBXBuildFile; fileRef = DCC8173B1E15EE5500E7056C /* IssueDetailViewController.xib */; };
/* End PBXBuildFile section */

/* Begin PBXContainerItemProxy section */
		DC7281761E0E178E00EEFC57 /* PBXContainerItemProxy */ = {
			isa = PBXContainerItemProxy;
			containerPortal = DC7281591E0E178E00EEFC57 /* Project object */;
			proxyType = 1;
			remoteGlobalIDString = DC7281601E0E178E00EEFC57;
			remoteInfo = gitap;
		};
		DC7281811E0E178E00EEFC57 /* PBXContainerItemProxy */ = {
			isa = PBXContainerItemProxy;
			containerPortal = DC7281591E0E178E00EEFC57 /* Project object */;
			proxyType = 1;
			remoteGlobalIDString = DC7281601E0E178E00EEFC57;
			remoteInfo = gitap;
		};
/* End PBXContainerItemProxy section */

/* Begin PBXFileReference section */
		DC2434081E1FBC52002FBDE7 /* Repo.swift */ = {isa = PBXFileReference; fileEncoding = 4; lastKnownFileType = sourcecode.swift; path = Repo.swift; sourceTree = "<group>"; };
		DC24340A1E209AE7002FBDE7 /* Permission.swift */ = {isa = PBXFileReference; fileEncoding = 4; lastKnownFileType = sourcecode.swift; path = Permission.swift; sourceTree = "<group>"; };
		DC24340C1E20E748002FBDE7 /* UserRouter.swift */ = {isa = PBXFileReference; fileEncoding = 4; lastKnownFileType = sourcecode.swift; path = UserRouter.swift; sourceTree = "<group>"; };
		DC24340E1E232294002FBDE7 /* StateController+AlertHelper.swift */ = {isa = PBXFileReference; fileEncoding = 4; lastKnownFileType = sourcecode.swift; path = "StateController+AlertHelper.swift"; sourceTree = "<group>"; };
		DC2434431E2849F6002FBDE7 /* ActivityRouter.swift */ = {isa = PBXFileReference; fileEncoding = 4; lastKnownFileType = sourcecode.swift; path = ActivityRouter.swift; sourceTree = "<group>"; };
		DC2434451E284A4A002FBDE7 /* Feed.swift */ = {isa = PBXFileReference; fileEncoding = 4; lastKnownFileType = sourcecode.swift; path = Feed.swift; sourceTree = "<group>"; };
		DC3D8FBB1E33907500D349B6 /* Event.swift */ = {isa = PBXFileReference; fileEncoding = 4; lastKnownFileType = sourcecode.swift; path = Event.swift; sourceTree = "<group>"; };
		DC3D8FBD1E33B71700D349B6 /* Payload.swift */ = {isa = PBXFileReference; fileEncoding = 4; lastKnownFileType = sourcecode.swift; path = Payload.swift; sourceTree = "<group>"; };
		DC3D8FC01E33B97400D349B6 /* PayloadIssuesEvent.swift */ = {isa = PBXFileReference; fileEncoding = 4; lastKnownFileType = sourcecode.swift; path = PayloadIssuesEvent.swift; sourceTree = "<group>"; };
		DC3D8FC21E34549000D349B6 /* Constants.swift */ = {isa = PBXFileReference; fileEncoding = 4; lastKnownFileType = sourcecode.swift; path = Constants.swift; sourceTree = "<group>"; };
		DC3D8FC41E35769300D349B6 /* SetupAccount.storyboard */ = {isa = PBXFileReference; fileEncoding = 4; lastKnownFileType = file.storyboard; path = SetupAccount.storyboard; sourceTree = "<group>"; };
		DC3D8FC61E3576D300D349B6 /* SetupAccountViewController.swift */ = {isa = PBXFileReference; fileEncoding = 4; lastKnownFileType = sourcecode.swift; path = SetupAccountViewController.swift; sourceTree = "<group>"; };
		DC5D64991E0F9F4B00E92DDD /* Utils.swift */ = {isa = PBXFileReference; fileEncoding = 4; lastKnownFileType = sourcecode.swift; path = Utils.swift; sourceTree = "<group>"; };
		DC5D649B1E10005000E92DDD /* SettingsTableViewDelegate.swift */ = {isa = PBXFileReference; fileEncoding = 4; lastKnownFileType = sourcecode.swift; path = SettingsTableViewDelegate.swift; sourceTree = "<group>"; };
		DC5D649D1E10006100E92DDD /* SettingsTableViewDataSource.swift */ = {isa = PBXFileReference; fileEncoding = 4; lastKnownFileType = sourcecode.swift; path = SettingsTableViewDataSource.swift; sourceTree = "<group>"; };
		DC5D649F1E108E9100E92DDD /* ReposDetailViewController.swift */ = {isa = PBXFileReference; fileEncoding = 4; lastKnownFileType = sourcecode.swift; path = ReposDetailViewController.swift; sourceTree = "<group>"; };
		DC5D64A01E108E9100E92DDD /* ReposDetailViewController.xib */ = {isa = PBXFileReference; fileEncoding = 4; lastKnownFileType = file.xib; path = ReposDetailViewController.xib; sourceTree = "<group>"; };
		DC5E81CF1E115D02008B1971 /* CreateIssuesViewController.swift */ = {isa = PBXFileReference; fileEncoding = 4; lastKnownFileType = sourcecode.swift; path = CreateIssuesViewController.swift; sourceTree = "<group>"; };
		DC5E81D01E115D02008B1971 /* CreateIssuesViewController.xib */ = {isa = PBXFileReference; fileEncoding = 4; lastKnownFileType = file.xib; path = CreateIssuesViewController.xib; sourceTree = "<group>"; };
		DC61BCBD1E3C43E300BDF1CD /* ReposSelectionViewController.xib */ = {isa = PBXFileReference; fileEncoding = 4; lastKnownFileType = file.xib; path = ReposSelectionViewController.xib; sourceTree = "<group>"; };
		DC61BCBF1E3C4C4600BDF1CD /* ReposSelectionTableViewDelegate.swift */ = {isa = PBXFileReference; fileEncoding = 4; lastKnownFileType = sourcecode.swift; path = ReposSelectionTableViewDelegate.swift; sourceTree = "<group>"; };
		DC61BCC31E3F77AE00BDF1CD /* UIColor-extension.swift */ = {isa = PBXFileReference; fileEncoding = 4; lastKnownFileType = sourcecode.swift; path = "UIColor-extension.swift"; sourceTree = "<group>"; };
		DC61BCC51E3F79E300BDF1CD /* UIAlertAction_extension.swift */ = {isa = PBXFileReference; fileEncoding = 4; lastKnownFileType = sourcecode.swift; path = UIAlertAction_extension.swift; sourceTree = "<group>"; };
		DC61BCC71E40063C00BDF1CD /* PlaceHolderTextView.swift */ = {isa = PBXFileReference; fileEncoding = 4; lastKnownFileType = sourcecode.swift; path = PlaceHolderTextView.swift; sourceTree = "<group>"; };
		DC6C37691E160854003D28C4 /* IssueDetailTableViewDelegate.swift */ = {isa = PBXFileReference; fileEncoding = 4; lastKnownFileType = sourcecode.swift; path = IssueDetailTableViewDelegate.swift; sourceTree = "<group>"; };
		DC6C376B1E160894003D28C4 /* IssueDetailTableViewDataSource.swift */ = {isa = PBXFileReference; fileEncoding = 4; lastKnownFileType = sourcecode.swift; path = IssueDetailTableViewDataSource.swift; sourceTree = "<group>"; };
		DC6C377B1E1C9BFB003D28C4 /* Configs.swift */ = {isa = PBXFileReference; fileEncoding = 4; lastKnownFileType = sourcecode.swift; path = Configs.swift; sourceTree = "<group>"; };
		DC6C377E1E1C9EA4003D28C4 /* GitHubAPIManager.swift */ = {isa = PBXFileReference; fileEncoding = 4; lastKnownFileType = sourcecode.swift; path = GitHubAPIManager.swift; sourceTree = "<group>"; };
		DC6C37811E1C9EC2003D28C4 /* Alamofire.framework */ = {isa = PBXFileReference; lastKnownFileType = wrapper.framework; name = Alamofire.framework; path = Carthage/Build/iOS/Alamofire.framework; sourceTree = "<group>"; };
		DC6C37821E1C9EC2003D28C4 /* F3D10C2C-3852-303A-9EB0-FCBBD84C17CF.bcsymbolmap */ = {isa = PBXFileReference; lastKnownFileType = text; name = "F3D10C2C-3852-303A-9EB0-FCBBD84C17CF.bcsymbolmap"; path = "Carthage/Build/iOS/F3D10C2C-3852-303A-9EB0-FCBBD84C17CF.bcsymbolmap"; sourceTree = "<group>"; };
		DC6C37831E1C9EC2003D28C4 /* Locksmith.framework */ = {isa = PBXFileReference; lastKnownFileType = wrapper.framework; name = Locksmith.framework; path = Carthage/Build/iOS/Locksmith.framework; sourceTree = "<group>"; };
		DC6C37881E1CBA11003D28C4 /* LoginViewController.swift */ = {isa = PBXFileReference; fileEncoding = 4; lastKnownFileType = sourcecode.swift; path = LoginViewController.swift; sourceTree = "<group>"; };
		DC6C37891E1CBA11003D28C4 /* LoginViewController.xib */ = {isa = PBXFileReference; fileEncoding = 4; lastKnownFileType = file.xib; path = LoginViewController.xib; sourceTree = "<group>"; };
		DC6C378C1E1CD312003D28C4 /* RepoRouter.swift */ = {isa = PBXFileReference; fileEncoding = 4; lastKnownFileType = sourcecode.swift; path = RepoRouter.swift; sourceTree = "<group>"; };
		DC6C378E1E1CD46C003D28C4 /* IssueRouter.swift */ = {isa = PBXFileReference; fileEncoding = 4; lastKnownFileType = sourcecode.swift; path = IssueRouter.swift; sourceTree = "<group>"; };
		DC6C37901E1D081C003D28C4 /* Issue.swift */ = {isa = PBXFileReference; fileEncoding = 4; lastKnownFileType = sourcecode.swift; path = Issue.swift; sourceTree = "<group>"; };
		DC6C37921E1DC049003D28C4 /* File.swift */ = {isa = PBXFileReference; fileEncoding = 4; lastKnownFileType = sourcecode.swift; path = File.swift; sourceTree = "<group>"; };
		DC6C37941E1DC2B8003D28C4 /* User.swift */ = {isa = PBXFileReference; fileEncoding = 4; lastKnownFileType = sourcecode.swift; path = User.swift; sourceTree = "<group>"; };
		DC709C1A1E4583AE00169C05 /* PhotoSectionsViewController.swift */ = {isa = PBXFileReference; fileEncoding = 4; lastKnownFileType = sourcecode.swift; path = PhotoSectionsViewController.swift; sourceTree = "<group>"; };
		DC709C1B1E4583AE00169C05 /* PhotoSectionsViewController.xib */ = {isa = PBXFileReference; fileEncoding = 4; lastKnownFileType = file.xib; path = PhotoSectionsViewController.xib; sourceTree = "<group>"; };
		DC709C1E1E45842900169C05 /* PhotosTableViewDataSource.swift */ = {isa = PBXFileReference; fileEncoding = 4; lastKnownFileType = sourcecode.swift; path = PhotosTableViewDataSource.swift; sourceTree = "<group>"; };
		DC709C201E45853C00169C05 /* PhotosTableViewDelegate.swift */ = {isa = PBXFileReference; fileEncoding = 4; lastKnownFileType = sourcecode.swift; path = PhotosTableViewDelegate.swift; sourceTree = "<group>"; };
		DC7281611E0E178E00EEFC57 /* gitap.app */ = {isa = PBXFileReference; explicitFileType = wrapper.application; includeInIndex = 0; path = gitap.app; sourceTree = BUILT_PRODUCTS_DIR; };
		DC7281641E0E178E00EEFC57 /* AppDelegate.swift */ = {isa = PBXFileReference; lastKnownFileType = sourcecode.swift; path = AppDelegate.swift; sourceTree = "<group>"; };
		DC7281661E0E178E00EEFC57 /* FeedsViewController.swift */ = {isa = PBXFileReference; lastKnownFileType = sourcecode.swift; path = FeedsViewController.swift; sourceTree = "<group>"; };
		DC7281691E0E178E00EEFC57 /* Base */ = {isa = PBXFileReference; lastKnownFileType = file.storyboard; name = Base; path = Base.lproj/Main.storyboard; sourceTree = "<group>"; };
		DC72816B1E0E178E00EEFC57 /* Assets.xcassets */ = {isa = PBXFileReference; lastKnownFileType = folder.assetcatalog; path = Assets.xcassets; sourceTree = "<group>"; };
		DC72816E1E0E178E00EEFC57 /* Base */ = {isa = PBXFileReference; lastKnownFileType = file.storyboard; name = Base; path = Base.lproj/LaunchScreen.storyboard; sourceTree = "<group>"; };
		DC7281701E0E178E00EEFC57 /* Info.plist */ = {isa = PBXFileReference; lastKnownFileType = text.plist.xml; path = Info.plist; sourceTree = "<group>"; };
		DC7281751E0E178E00EEFC57 /* gitapTests.xctest */ = {isa = PBXFileReference; explicitFileType = wrapper.cfbundle; includeInIndex = 0; path = gitapTests.xctest; sourceTree = BUILT_PRODUCTS_DIR; };
		DC7281791E0E178E00EEFC57 /* gitapTests.swift */ = {isa = PBXFileReference; lastKnownFileType = sourcecode.swift; path = gitapTests.swift; sourceTree = "<group>"; };
		DC72817B1E0E178E00EEFC57 /* Info.plist */ = {isa = PBXFileReference; lastKnownFileType = text.plist.xml; path = Info.plist; sourceTree = "<group>"; };
		DC7281801E0E178E00EEFC57 /* gitapUITests.xctest */ = {isa = PBXFileReference; explicitFileType = wrapper.cfbundle; includeInIndex = 0; path = gitapUITests.xctest; sourceTree = BUILT_PRODUCTS_DIR; };
		DC7281841E0E178E00EEFC57 /* gitapUITests.swift */ = {isa = PBXFileReference; lastKnownFileType = sourcecode.swift; path = gitapUITests.swift; sourceTree = "<group>"; };
		DC7281861E0E178E00EEFC57 /* Info.plist */ = {isa = PBXFileReference; lastKnownFileType = text.plist.xml; path = Info.plist; sourceTree = "<group>"; };
		DC7281921E0E1A7500EEFC57 /* ReposViewController.swift */ = {isa = PBXFileReference; fileEncoding = 4; lastKnownFileType = sourcecode.swift; path = ReposViewController.swift; sourceTree = "<group>"; };
		DC7281941E0E1A8C00EEFC57 /* SettingsViewController.swift */ = {isa = PBXFileReference; fileEncoding = 4; lastKnownFileType = sourcecode.swift; path = SettingsViewController.swift; sourceTree = "<group>"; };
		DC72819C1E0E312E00EEFC57 /* StateController.swift */ = {isa = PBXFileReference; fileEncoding = 4; lastKnownFileType = sourcecode.swift; path = StateController.swift; sourceTree = "<group>"; };
		DC7281A01E0E325200EEFC57 /* FeedsTableViewDelegate.swift */ = {isa = PBXFileReference; fileEncoding = 4; lastKnownFileType = sourcecode.swift; path = FeedsTableViewDelegate.swift; sourceTree = "<group>"; };
		DC7281A21E0E326500EEFC57 /* FeedsTableViewDataSource.swift */ = {isa = PBXFileReference; fileEncoding = 4; lastKnownFileType = sourcecode.swift; path = FeedsTableViewDataSource.swift; sourceTree = "<group>"; };
		DC7281A41E0E338D00EEFC57 /* FeedsTableViewCell.swift */ = {isa = PBXFileReference; fileEncoding = 4; lastKnownFileType = sourcecode.swift; path = FeedsTableViewCell.swift; sourceTree = "<group>"; };
		DC7281A51E0E338D00EEFC57 /* FeedsTableViewCell.xib */ = {isa = PBXFileReference; fileEncoding = 4; lastKnownFileType = file.xib; path = FeedsTableViewCell.xib; sourceTree = "<group>"; };
		DC7281A81E0F65A000EEFC57 /* ReposTableViewDelegate.swift */ = {isa = PBXFileReference; fileEncoding = 4; lastKnownFileType = sourcecode.swift; path = ReposTableViewDelegate.swift; sourceTree = "<group>"; };
		DC7281AA1E0F665000EEFC57 /* ReposTableViewDataSource.swift */ = {isa = PBXFileReference; fileEncoding = 4; lastKnownFileType = sourcecode.swift; path = ReposTableViewDataSource.swift; sourceTree = "<group>"; };
		DC7281AC1E0F6B4C00EEFC57 /* ReposTableViewCell.swift */ = {isa = PBXFileReference; fileEncoding = 4; lastKnownFileType = sourcecode.swift; path = ReposTableViewCell.swift; sourceTree = "<group>"; };
		DC7281AD1E0F6B4C00EEFC57 /* ReposTableViewCell.xib */ = {isa = PBXFileReference; fileEncoding = 4; lastKnownFileType = file.xib; path = ReposTableViewCell.xib; sourceTree = "<group>"; };
		DC867AFA1E3ABD1700DD0553 /* ReposSelectionViewController.swift */ = {isa = PBXFileReference; fileEncoding = 4; lastKnownFileType = sourcecode.swift; path = ReposSelectionViewController.swift; sourceTree = "<group>"; };
		DC867AFC1E3AD36600DD0553 /* MasterViewController.swift */ = {isa = PBXFileReference; fileEncoding = 4; lastKnownFileType = sourcecode.swift; path = MasterViewController.swift; sourceTree = "<group>"; };
		DCC817271E14010700E7056C /* EditIssuesTableViewDelegate.swift */ = {isa = PBXFileReference; fileEncoding = 4; lastKnownFileType = sourcecode.swift; path = EditIssuesTableViewDelegate.swift; sourceTree = "<group>"; };
		DCC817291E14012000E7056C /* EditIssuesTableViewDataSource.swift */ = {isa = PBXFileReference; fileEncoding = 4; lastKnownFileType = sourcecode.swift; path = EditIssuesTableViewDataSource.swift; sourceTree = "<group>"; };
		DCC817301E14E9C600E7056C /* UIView-positioning.swift */ = {isa = PBXFileReference; fileEncoding = 4; lastKnownFileType = sourcecode.swift; path = "UIView-positioning.swift"; sourceTree = "<group>"; };
		DCC817361E15ECF700E7056C /* IssuesTableViewDelegate.swift */ = {isa = PBXFileReference; fileEncoding = 4; lastKnownFileType = sourcecode.swift; path = IssuesTableViewDelegate.swift; sourceTree = "<group>"; };
		DCC817381E15ED2700E7056C /* IssuesTableViewDataSource.swift */ = {isa = PBXFileReference; fileEncoding = 4; lastKnownFileType = sourcecode.swift; path = IssuesTableViewDataSource.swift; sourceTree = "<group>"; };
		DCC8173A1E15EE5500E7056C /* IssueDetailViewController.swift */ = {isa = PBXFileReference; fileEncoding = 4; lastKnownFileType = sourcecode.swift; path = IssueDetailViewController.swift; sourceTree = "<group>"; };
		DCC8173B1E15EE5500E7056C /* IssueDetailViewController.xib */ = {isa = PBXFileReference; fileEncoding = 4; lastKnownFileType = file.xib; path = IssueDetailViewController.xib; sourceTree = "<group>"; };
/* End PBXFileReference section */

/* Begin PBXFrameworksBuildPhase section */
		DC72815E1E0E178E00EEFC57 /* Frameworks */ = {
			isa = PBXFrameworksBuildPhase;
			buildActionMask = 2147483647;
			files = (
				DC6C37841E1C9EC2003D28C4 /* Alamofire.framework in Frameworks */,
				DC6C37861E1C9EC2003D28C4 /* Locksmith.framework in Frameworks */,
			);
			runOnlyForDeploymentPostprocessing = 0;
		};
		DC7281721E0E178E00EEFC57 /* Frameworks */ = {
			isa = PBXFrameworksBuildPhase;
			buildActionMask = 2147483647;
			files = (
			);
			runOnlyForDeploymentPostprocessing = 0;
		};
		DC72817D1E0E178E00EEFC57 /* Frameworks */ = {
			isa = PBXFrameworksBuildPhase;
			buildActionMask = 2147483647;
			files = (
			);
			runOnlyForDeploymentPostprocessing = 0;
		};
/* End PBXFrameworksBuildPhase section */

/* Begin PBXGroup section */
		DC3D8FBF1E33B93400D349B6 /* Payloads */ = {
			isa = PBXGroup;
			children = (
				DC3D8FBD1E33B71700D349B6 /* Payload.swift */,
				DC3D8FC01E33B97400D349B6 /* PayloadIssuesEvent.swift */,
			);
			name = Payloads;
			sourceTree = "<group>";
		};
		DC6C377D1E1C9E7F003D28C4 /* Helpers */ = {
			isa = PBXGroup;
			children = (
				DC5D64991E0F9F4B00E92DDD /* Utils.swift */,
				DC6C377E1E1C9EA4003D28C4 /* GitHubAPIManager.swift */,
				DC2434431E2849F6002FBDE7 /* ActivityRouter.swift */,
				DC6C378E1E1CD46C003D28C4 /* IssueRouter.swift */,
				DC6C378C1E1CD312003D28C4 /* RepoRouter.swift */,
				DC24340C1E20E748002FBDE7 /* UserRouter.swift */,
				DC3D8FC21E34549000D349B6 /* Constants.swift */,
			);
			name = Helpers;
			sourceTree = "<group>";
		};
		DC6C37801E1C9EC2003D28C4 /* Frameworks */ = {
			isa = PBXGroup;
			children = (
				DC6C37811E1C9EC2003D28C4 /* Alamofire.framework */,
				DC6C37821E1C9EC2003D28C4 /* F3D10C2C-3852-303A-9EB0-FCBBD84C17CF.bcsymbolmap */,
				DC6C37831E1C9EC2003D28C4 /* Locksmith.framework */,
			);
			name = Frameworks;
			sourceTree = "<group>";
		};
		DC7281581E0E178E00EEFC57 = {
			isa = PBXGroup;
			children = (
				DC7281631E0E178E00EEFC57 /* gitap */,
				DC7281781E0E178E00EEFC57 /* gitapTests */,
				DC7281831E0E178E00EEFC57 /* gitapUITests */,
				DC7281621E0E178E00EEFC57 /* Products */,
				DC6C37801E1C9EC2003D28C4 /* Frameworks */,
			);
			sourceTree = "<group>";
		};
		DC7281621E0E178E00EEFC57 /* Products */ = {
			isa = PBXGroup;
			children = (
				DC7281611E0E178E00EEFC57 /* gitap.app */,
				DC7281751E0E178E00EEFC57 /* gitapTests.xctest */,
				DC7281801E0E178E00EEFC57 /* gitapUITests.xctest */,
			);
			name = Products;
			sourceTree = "<group>";
		};
		DC7281631E0E178E00EEFC57 /* gitap */ = {
			isa = PBXGroup;
			children = (
				DC7281641E0E178E00EEFC57 /* AppDelegate.swift */,
				DC72819B1E0E1C4600EEFC57 /* Configs */,
				DC7281961E0E1A9500EEFC57 /* Models */,
				DC7281971E0E1AA200EEFC57 /* Views */,
				DC72819A1E0E1AC000EEFC57 /* ViewControllers */,
				DC7281981E0E1AAB00EEFC57 /* Controllers */,
				DC72819F1E0E320700EEFC57 /* Delegates */,
				DC72819E1E0E31F800EEFC57 /* DataSources */,
				DCC8172F1E14E9A700E7056C /* Extensions */,
				DC6C377D1E1C9E7F003D28C4 /* Helpers */,
				DC72816B1E0E178E00EEFC57 /* Assets.xcassets */,
				DC7281701E0E178E00EEFC57 /* Info.plist */,
			);
			path = gitap;
			sourceTree = "<group>";
		};
		DC7281781E0E178E00EEFC57 /* gitapTests */ = {
			isa = PBXGroup;
			children = (
				DC7281791E0E178E00EEFC57 /* gitapTests.swift */,
				DC72817B1E0E178E00EEFC57 /* Info.plist */,
			);
			path = gitapTests;
			sourceTree = "<group>";
		};
		DC7281831E0E178E00EEFC57 /* gitapUITests */ = {
			isa = PBXGroup;
			children = (
				DC7281841E0E178E00EEFC57 /* gitapUITests.swift */,
				DC7281861E0E178E00EEFC57 /* Info.plist */,
			);
			path = gitapUITests;
			sourceTree = "<group>";
		};
		DC7281961E0E1A9500EEFC57 /* Models */ = {
			isa = PBXGroup;
			children = (
				DC3D8FBB1E33907500D349B6 /* Event.swift */,
				DC6C37901E1D081C003D28C4 /* Issue.swift */,
				DC3D8FBF1E33B93400D349B6 /* Payloads */,
				DC24340A1E209AE7002FBDE7 /* Permission.swift */,
				DC6C37921E1DC049003D28C4 /* File.swift */,
				DC6C37941E1DC2B8003D28C4 /* User.swift */,
				DC2434081E1FBC52002FBDE7 /* Repo.swift */,
				DC2434451E284A4A002FBDE7 /* Feed.swift */,
			);
			name = Models;
			sourceTree = "<group>";
		};
		DC7281971E0E1AA200EEFC57 /* Views */ = {
			isa = PBXGroup;
			children = (
				DC7281681E0E178E00EEFC57 /* Main.storyboard */,
				DC72816D1E0E178E00EEFC57 /* LaunchScreen.storyboard */,
				DC7281A41E0E338D00EEFC57 /* FeedsTableViewCell.swift */,
				DC7281A51E0E338D00EEFC57 /* FeedsTableViewCell.xib */,
				DC7281AC1E0F6B4C00EEFC57 /* ReposTableViewCell.swift */,
				DC7281AD1E0F6B4C00EEFC57 /* ReposTableViewCell.xib */,
				DC61BCC71E40063C00BDF1CD /* PlaceHolderTextView.swift */,
			);
			name = Views;
			sourceTree = "<group>";
		};
		DC7281981E0E1AAB00EEFC57 /* Controllers */ = {
			isa = PBXGroup;
			children = (
				DC72819C1E0E312E00EEFC57 /* StateController.swift */,
				DC24340E1E232294002FBDE7 /* StateController+AlertHelper.swift */,
			);
			name = Controllers;
			sourceTree = "<group>";
		};
		DC72819A1E0E1AC000EEFC57 /* ViewControllers */ = {
			isa = PBXGroup;
			children = (
				DC3D8FC61E3576D300D349B6 /* SetupAccountViewController.swift */,
				DC3D8FC41E35769300D349B6 /* SetupAccount.storyboard */,
				DC7281661E0E178E00EEFC57 /* FeedsViewController.swift */,
				DC7281941E0E1A8C00EEFC57 /* SettingsViewController.swift */,
				DC7281921E0E1A7500EEFC57 /* ReposViewController.swift */,
				DC5D649F1E108E9100E92DDD /* ReposDetailViewController.swift */,
				DC5D64A01E108E9100E92DDD /* ReposDetailViewController.xib */,
				DC5E81CF1E115D02008B1971 /* CreateIssuesViewController.swift */,
				DC5E81D01E115D02008B1971 /* CreateIssuesViewController.xib */,
				DCC8173A1E15EE5500E7056C /* IssueDetailViewController.swift */,
				DCC8173B1E15EE5500E7056C /* IssueDetailViewController.xib */,
				DC6C37881E1CBA11003D28C4 /* LoginViewController.swift */,
				DC6C37891E1CBA11003D28C4 /* LoginViewController.xib */,
				DC867AFA1E3ABD1700DD0553 /* ReposSelectionViewController.swift */,
				DC61BCBD1E3C43E300BDF1CD /* ReposSelectionViewController.xib */,
				DC867AFC1E3AD36600DD0553 /* MasterViewController.swift */,
				DC709C1A1E4583AE00169C05 /* PhotoSectionsViewController.swift */,
				DC709C1B1E4583AE00169C05 /* PhotoSectionsViewController.xib */,
			);
			name = ViewControllers;
			sourceTree = "<group>";
		};
		DC72819B1E0E1C4600EEFC57 /* Configs */ = {
			isa = PBXGroup;
			children = (
				DC6C377B1E1C9BFB003D28C4 /* Configs.swift */,
			);
			name = Configs;
			sourceTree = "<group>";
		};
		DC72819E1E0E31F800EEFC57 /* DataSources */ = {
			isa = PBXGroup;
			children = (
				DC7281A21E0E326500EEFC57 /* FeedsTableViewDataSource.swift */,
				DC7281AA1E0F665000EEFC57 /* ReposTableViewDataSource.swift */,
				DC5D649D1E10006100E92DDD /* SettingsTableViewDataSource.swift */,
				DCC817291E14012000E7056C /* EditIssuesTableViewDataSource.swift */,
				DCC817381E15ED2700E7056C /* IssuesTableViewDataSource.swift */,
				DC6C376B1E160894003D28C4 /* IssueDetailTableViewDataSource.swift */,
				DC709C1E1E45842900169C05 /* PhotosTableViewDataSource.swift */,
			);
			name = DataSources;
			sourceTree = "<group>";
		};
		DC72819F1E0E320700EEFC57 /* Delegates */ = {
			isa = PBXGroup;
			children = (
				DC7281A01E0E325200EEFC57 /* FeedsTableViewDelegate.swift */,
				DC7281A81E0F65A000EEFC57 /* ReposTableViewDelegate.swift */,
				DC61BCBF1E3C4C4600BDF1CD /* ReposSelectionTableViewDelegate.swift */,
				DC5D649B1E10005000E92DDD /* SettingsTableViewDelegate.swift */,
				DCC817271E14010700E7056C /* EditIssuesTableViewDelegate.swift */,
				DCC817361E15ECF700E7056C /* IssuesTableViewDelegate.swift */,
				DC6C37691E160854003D28C4 /* IssueDetailTableViewDelegate.swift */,
				DC709C201E45853C00169C05 /* PhotosTableViewDelegate.swift */,
			);
			name = Delegates;
			sourceTree = "<group>";
		};
		DCC8172F1E14E9A700E7056C /* Extensions */ = {
			isa = PBXGroup;
			children = (
				DCC817301E14E9C600E7056C /* UIView-positioning.swift */,
				DC61BCC51E3F79E300BDF1CD /* UIAlertAction_extension.swift */,
				DC61BCC31E3F77AE00BDF1CD /* UIColor-extension.swift */,
			);
			name = Extensions;
			sourceTree = "<group>";
		};
/* End PBXGroup section */

/* Begin PBXNativeTarget section */
		DC7281601E0E178E00EEFC57 /* gitap */ = {
			isa = PBXNativeTarget;
			buildConfigurationList = DC7281891E0E178E00EEFC57 /* Build configuration list for PBXNativeTarget "gitap" */;
			buildPhases = (
				DC72815D1E0E178E00EEFC57 /* Sources */,
				DC72815E1E0E178E00EEFC57 /* Frameworks */,
				DC72815F1E0E178E00EEFC57 /* Resources */,
				DC6C37871E1C9ED7003D28C4 /* ShellScript */,
			);
			buildRules = (
			);
			dependencies = (
			);
			name = gitap;
			productName = gitap;
			productReference = DC7281611E0E178E00EEFC57 /* gitap.app */;
			productType = "com.apple.product-type.application";
		};
		DC7281741E0E178E00EEFC57 /* gitapTests */ = {
			isa = PBXNativeTarget;
			buildConfigurationList = DC72818C1E0E178E00EEFC57 /* Build configuration list for PBXNativeTarget "gitapTests" */;
			buildPhases = (
				DC7281711E0E178E00EEFC57 /* Sources */,
				DC7281721E0E178E00EEFC57 /* Frameworks */,
				DC7281731E0E178E00EEFC57 /* Resources */,
			);
			buildRules = (
			);
			dependencies = (
				DC7281771E0E178E00EEFC57 /* PBXTargetDependency */,
			);
			name = gitapTests;
			productName = gitapTests;
			productReference = DC7281751E0E178E00EEFC57 /* gitapTests.xctest */;
			productType = "com.apple.product-type.bundle.unit-test";
		};
		DC72817F1E0E178E00EEFC57 /* gitapUITests */ = {
			isa = PBXNativeTarget;
			buildConfigurationList = DC72818F1E0E178E00EEFC57 /* Build configuration list for PBXNativeTarget "gitapUITests" */;
			buildPhases = (
				DC72817C1E0E178E00EEFC57 /* Sources */,
				DC72817D1E0E178E00EEFC57 /* Frameworks */,
				DC72817E1E0E178E00EEFC57 /* Resources */,
			);
			buildRules = (
			);
			dependencies = (
				DC7281821E0E178E00EEFC57 /* PBXTargetDependency */,
			);
			name = gitapUITests;
			productName = gitapUITests;
			productReference = DC7281801E0E178E00EEFC57 /* gitapUITests.xctest */;
			productType = "com.apple.product-type.bundle.ui-testing";
		};
/* End PBXNativeTarget section */

/* Begin PBXProject section */
		DC7281591E0E178E00EEFC57 /* Project object */ = {
			isa = PBXProject;
			attributes = {
				LastSwiftUpdateCheck = 0820;
				LastUpgradeCheck = 0820;
				ORGANIZATIONNAME = "Koichi Sato";
				TargetAttributes = {
					DC7281601E0E178E00EEFC57 = {
						CreatedOnToolsVersion = 8.2;
						DevelopmentTeam = B863JFBR8K;
						ProvisioningStyle = Automatic;
					};
					DC7281741E0E178E00EEFC57 = {
						CreatedOnToolsVersion = 8.2;
						DevelopmentTeam = B863JFBR8K;
						ProvisioningStyle = Automatic;
						TestTargetID = DC7281601E0E178E00EEFC57;
					};
					DC72817F1E0E178E00EEFC57 = {
						CreatedOnToolsVersion = 8.2;
						DevelopmentTeam = B863JFBR8K;
						ProvisioningStyle = Automatic;
						TestTargetID = DC7281601E0E178E00EEFC57;
					};
				};
			};
			buildConfigurationList = DC72815C1E0E178E00EEFC57 /* Build configuration list for PBXProject "gitap" */;
			compatibilityVersion = "Xcode 3.2";
			developmentRegion = English;
			hasScannedForEncodings = 0;
			knownRegions = (
				en,
				Base,
			);
			mainGroup = DC7281581E0E178E00EEFC57;
			productRefGroup = DC7281621E0E178E00EEFC57 /* Products */;
			projectDirPath = "";
			projectRoot = "";
			targets = (
				DC7281601E0E178E00EEFC57 /* gitap */,
				DC7281741E0E178E00EEFC57 /* gitapTests */,
				DC72817F1E0E178E00EEFC57 /* gitapUITests */,
			);
		};
/* End PBXProject section */

/* Begin PBXResourcesBuildPhase section */
		DC72815F1E0E178E00EEFC57 /* Resources */ = {
			isa = PBXResourcesBuildPhase;
			buildActionMask = 2147483647;
			files = (
				DC72816F1E0E178E00EEFC57 /* LaunchScreen.storyboard in Resources */,
				DC709C1D1E4583AE00169C05 /* PhotoSectionsViewController.xib in Resources */,
				DCC8173D1E15EE5500E7056C /* IssueDetailViewController.xib in Resources */,
				DC3D8FC51E35769300D349B6 /* SetupAccount.storyboard in Resources */,
				DC7281AF1E0F6B4C00EEFC57 /* ReposTableViewCell.xib in Resources */,
				DC61BCBE1E3C43E300BDF1CD /* ReposSelectionViewController.xib in Resources */,
				DC5E81D21E115D02008B1971 /* CreateIssuesViewController.xib in Resources */,
				DC7281A71E0E338D00EEFC57 /* FeedsTableViewCell.xib in Resources */,
				DC72816C1E0E178E00EEFC57 /* Assets.xcassets in Resources */,
				DC72816A1E0E178E00EEFC57 /* Main.storyboard in Resources */,
				DC5D64A21E108E9100E92DDD /* ReposDetailViewController.xib in Resources */,
				DC6C378B1E1CBA12003D28C4 /* LoginViewController.xib in Resources */,
			);
			runOnlyForDeploymentPostprocessing = 0;
		};
		DC7281731E0E178E00EEFC57 /* Resources */ = {
			isa = PBXResourcesBuildPhase;
			buildActionMask = 2147483647;
			files = (
			);
			runOnlyForDeploymentPostprocessing = 0;
		};
		DC72817E1E0E178E00EEFC57 /* Resources */ = {
			isa = PBXResourcesBuildPhase;
			buildActionMask = 2147483647;
			files = (
			);
			runOnlyForDeploymentPostprocessing = 0;
		};
/* End PBXResourcesBuildPhase section */

/* Begin PBXShellScriptBuildPhase section */
		DC6C37871E1C9ED7003D28C4 /* ShellScript */ = {
			isa = PBXShellScriptBuildPhase;
			buildActionMask = 2147483647;
			files = (
			);
			inputPaths = (
				"$(SRCROOT)/Carthage/Build/iOS/Alamofire.framework",
				"$(SRCROOT)/Carthage/Build/iOS/Locksmith.framework",
			);
			outputPaths = (
			);
			runOnlyForDeploymentPostprocessing = 0;
			shellPath = /bin/sh;
			shellScript = "/usr/local/bin/carthage copy-frameworks";
		};
/* End PBXShellScriptBuildPhase section */

/* Begin PBXSourcesBuildPhase section */
		DC72815D1E0E178E00EEFC57 /* Sources */ = {
			isa = PBXSourcesBuildPhase;
			buildActionMask = 2147483647;
			files = (
				DC2434091E1FBC52002FBDE7 /* Repo.swift in Sources */,
				DC3D8FC11E33B97400D349B6 /* PayloadIssuesEvent.swift in Sources */,
				DC2434461E284A4A002FBDE7 /* Feed.swift in Sources */,
				DC6C378A1E1CBA11003D28C4 /* LoginViewController.swift in Sources */,
				DC5D649E1E10006100E92DDD /* SettingsTableViewDataSource.swift in Sources */,
				DC867AFD1E3AD36600DD0553 /* MasterViewController.swift in Sources */,
				DC7281AB1E0F665000EEFC57 /* ReposTableViewDataSource.swift in Sources */,
				DC24340D1E20E748002FBDE7 /* UserRouter.swift in Sources */,
				DC3D8FC31E34549000D349B6 /* Constants.swift in Sources */,
				DC7281931E0E1A7500EEFC57 /* ReposViewController.swift in Sources */,
				DC3D8FBE1E33B71700D349B6 /* Payload.swift in Sources */,
				DC6C37951E1DC2B8003D28C4 /* User.swift in Sources */,
				DC6C377F1E1C9EA4003D28C4 /* GitHubAPIManager.swift in Sources */,
				DC6C37911E1D081C003D28C4 /* Issue.swift in Sources */,
				DCC817281E14010700E7056C /* EditIssuesTableViewDelegate.swift in Sources */,
				DC6C378D1E1CD312003D28C4 /* RepoRouter.swift in Sources */,
				DC6C37931E1DC049003D28C4 /* File.swift in Sources */,
				DC7281671E0E178E00EEFC57 /* FeedsViewController.swift in Sources */,
				DC7281651E0E178E00EEFC57 /* AppDelegate.swift in Sources */,
				DC7281951E0E1A8C00EEFC57 /* SettingsViewController.swift in Sources */,
				DC61BCC61E3F79E300BDF1CD /* UIAlertAction_extension.swift in Sources */,
				DC3D8FC71E3576D300D349B6 /* SetupAccountViewController.swift in Sources */,
				DC7281A11E0E325200EEFC57 /* FeedsTableViewDelegate.swift in Sources */,
				DCC8172A1E14012000E7056C /* EditIssuesTableViewDataSource.swift in Sources */,
				DC7281A61E0E338D00EEFC57 /* FeedsTableViewCell.swift in Sources */,
				DC5D64A11E108E9100E92DDD /* ReposDetailViewController.swift in Sources */,
				DC6C376A1E160854003D28C4 /* IssueDetailTableViewDelegate.swift in Sources */,
				DCC817371E15ECF700E7056C /* IssuesTableViewDelegate.swift in Sources */,
				DC6C378F1E1CD46C003D28C4 /* IssueRouter.swift in Sources */,
				DC3D8FBC1E33907500D349B6 /* Event.swift in Sources */,
				DC2434441E2849F6002FBDE7 /* ActivityRouter.swift in Sources */,
				DC7281AE1E0F6B4C00EEFC57 /* ReposTableViewCell.swift in Sources */,
				DC61BCC81E40063C00BDF1CD /* PlaceHolderTextView.swift in Sources */,
				DC709C1F1E45842900169C05 /* PhotosTableViewDataSource.swift in Sources */,
				DCC8173C1E15EE5500E7056C /* IssueDetailViewController.swift in Sources */,
				DC24340F1E232294002FBDE7 /* StateController+AlertHelper.swift in Sources */,
				DCC817391E15ED2700E7056C /* IssuesTableViewDataSource.swift in Sources */,
				DCC817311E14E9C600E7056C /* UIView-positioning.swift in Sources */,
				DC61BCC41E3F77AE00BDF1CD /* UIColor-extension.swift in Sources */,
				DC6C376C1E160894003D28C4 /* IssueDetailTableViewDataSource.swift in Sources */,
				DC7281A31E0E326500EEFC57 /* FeedsTableViewDataSource.swift in Sources */,
				DC61BCC01E3C4C4600BDF1CD /* ReposSelectionTableViewDelegate.swift in Sources */,
				DC5E81D11E115D02008B1971 /* CreateIssuesViewController.swift in Sources */,
				DC709C211E45853C00169C05 /* PhotosTableViewDelegate.swift in Sources */,
				DC6C377C1E1C9BFB003D28C4 /* Configs.swift in Sources */,
				DC72819D1E0E312E00EEFC57 /* StateController.swift in Sources */,
				DC7281A91E0F65A000EEFC57 /* ReposTableViewDelegate.swift in Sources */,
				DC709C1C1E4583AE00169C05 /* PhotoSectionsViewController.swift in Sources */,
				DC5D649A1E0F9F4B00E92DDD /* Utils.swift in Sources */,
				DC24340B1E209AE7002FBDE7 /* Permission.swift in Sources */,
				DC5D649C1E10005000E92DDD /* SettingsTableViewDelegate.swift in Sources */,
				DC867AFB1E3ABD1700DD0553 /* ReposSelectionViewController.swift in Sources */,
			);
			runOnlyForDeploymentPostprocessing = 0;
		};
		DC7281711E0E178E00EEFC57 /* Sources */ = {
			isa = PBXSourcesBuildPhase;
			buildActionMask = 2147483647;
			files = (
				DC72817A1E0E178E00EEFC57 /* gitapTests.swift in Sources */,
			);
			runOnlyForDeploymentPostprocessing = 0;
		};
		DC72817C1E0E178E00EEFC57 /* Sources */ = {
			isa = PBXSourcesBuildPhase;
			buildActionMask = 2147483647;
			files = (
				DC7281851E0E178E00EEFC57 /* gitapUITests.swift in Sources */,
			);
			runOnlyForDeploymentPostprocessing = 0;
		};
/* End PBXSourcesBuildPhase section */

/* Begin PBXTargetDependency section */
		DC7281771E0E178E00EEFC57 /* PBXTargetDependency */ = {
			isa = PBXTargetDependency;
			target = DC7281601E0E178E00EEFC57 /* gitap */;
			targetProxy = DC7281761E0E178E00EEFC57 /* PBXContainerItemProxy */;
		};
		DC7281821E0E178E00EEFC57 /* PBXTargetDependency */ = {
			isa = PBXTargetDependency;
			target = DC7281601E0E178E00EEFC57 /* gitap */;
			targetProxy = DC7281811E0E178E00EEFC57 /* PBXContainerItemProxy */;
		};
/* End PBXTargetDependency section */

/* Begin PBXVariantGroup section */
		DC7281681E0E178E00EEFC57 /* Main.storyboard */ = {
			isa = PBXVariantGroup;
			children = (
				DC7281691E0E178E00EEFC57 /* Base */,
			);
			name = Main.storyboard;
			sourceTree = "<group>";
		};
		DC72816D1E0E178E00EEFC57 /* LaunchScreen.storyboard */ = {
			isa = PBXVariantGroup;
			children = (
				DC72816E1E0E178E00EEFC57 /* Base */,
			);
			name = LaunchScreen.storyboard;
			sourceTree = "<group>";
		};
/* End PBXVariantGroup section */

/* Begin XCBuildConfiguration section */
		DC7281871E0E178E00EEFC57 /* Debug */ = {
			isa = XCBuildConfiguration;
			buildSettings = {
				ALWAYS_SEARCH_USER_PATHS = NO;
				CLANG_ANALYZER_NONNULL = YES;
				CLANG_CXX_LANGUAGE_STANDARD = "gnu++0x";
				CLANG_CXX_LIBRARY = "libc++";
				CLANG_ENABLE_MODULES = YES;
				CLANG_ENABLE_OBJC_ARC = YES;
				CLANG_WARN_BOOL_CONVERSION = YES;
				CLANG_WARN_CONSTANT_CONVERSION = YES;
				CLANG_WARN_DIRECT_OBJC_ISA_USAGE = YES_ERROR;
				CLANG_WARN_DOCUMENTATION_COMMENTS = YES;
				CLANG_WARN_EMPTY_BODY = YES;
				CLANG_WARN_ENUM_CONVERSION = YES;
				CLANG_WARN_INFINITE_RECURSION = YES;
				CLANG_WARN_INT_CONVERSION = YES;
				CLANG_WARN_OBJC_ROOT_CLASS = YES_ERROR;
				CLANG_WARN_SUSPICIOUS_MOVE = YES;
				CLANG_WARN_UNREACHABLE_CODE = YES;
				CLANG_WARN__DUPLICATE_METHOD_MATCH = YES;
				"CODE_SIGN_IDENTITY[sdk=iphoneos*]" = "iPhone Developer";
				COPY_PHASE_STRIP = NO;
				DEBUG_INFORMATION_FORMAT = dwarf;
				ENABLE_STRICT_OBJC_MSGSEND = YES;
				ENABLE_TESTABILITY = YES;
				GCC_C_LANGUAGE_STANDARD = gnu99;
				GCC_DYNAMIC_NO_PIC = NO;
				GCC_NO_COMMON_BLOCKS = YES;
				GCC_OPTIMIZATION_LEVEL = 0;
				GCC_PREPROCESSOR_DEFINITIONS = (
					"DEBUG=1",
					"$(inherited)",
				);
				GCC_WARN_64_TO_32_BIT_CONVERSION = YES;
				GCC_WARN_ABOUT_RETURN_TYPE = YES_ERROR;
				GCC_WARN_UNDECLARED_SELECTOR = YES;
				GCC_WARN_UNINITIALIZED_AUTOS = YES_AGGRESSIVE;
				GCC_WARN_UNUSED_FUNCTION = YES;
				GCC_WARN_UNUSED_VARIABLE = YES;
				IPHONEOS_DEPLOYMENT_TARGET = 10.0;
				MTL_ENABLE_DEBUG_INFO = YES;
				ONLY_ACTIVE_ARCH = YES;
				SDKROOT = iphoneos;
				SWIFT_ACTIVE_COMPILATION_CONDITIONS = DEBUG;
				SWIFT_OPTIMIZATION_LEVEL = "-Onone";
			};
			name = Debug;
		};
		DC7281881E0E178E00EEFC57 /* Release */ = {
			isa = XCBuildConfiguration;
			buildSettings = {
				ALWAYS_SEARCH_USER_PATHS = NO;
				CLANG_ANALYZER_NONNULL = YES;
				CLANG_CXX_LANGUAGE_STANDARD = "gnu++0x";
				CLANG_CXX_LIBRARY = "libc++";
				CLANG_ENABLE_MODULES = YES;
				CLANG_ENABLE_OBJC_ARC = YES;
				CLANG_WARN_BOOL_CONVERSION = YES;
				CLANG_WARN_CONSTANT_CONVERSION = YES;
				CLANG_WARN_DIRECT_OBJC_ISA_USAGE = YES_ERROR;
				CLANG_WARN_DOCUMENTATION_COMMENTS = YES;
				CLANG_WARN_EMPTY_BODY = YES;
				CLANG_WARN_ENUM_CONVERSION = YES;
				CLANG_WARN_INFINITE_RECURSION = YES;
				CLANG_WARN_INT_CONVERSION = YES;
				CLANG_WARN_OBJC_ROOT_CLASS = YES_ERROR;
				CLANG_WARN_SUSPICIOUS_MOVE = YES;
				CLANG_WARN_UNREACHABLE_CODE = YES;
				CLANG_WARN__DUPLICATE_METHOD_MATCH = YES;
				"CODE_SIGN_IDENTITY[sdk=iphoneos*]" = "iPhone Developer";
				COPY_PHASE_STRIP = NO;
				DEBUG_INFORMATION_FORMAT = "dwarf-with-dsym";
				ENABLE_NS_ASSERTIONS = NO;
				ENABLE_STRICT_OBJC_MSGSEND = YES;
				GCC_C_LANGUAGE_STANDARD = gnu99;
				GCC_NO_COMMON_BLOCKS = YES;
				GCC_WARN_64_TO_32_BIT_CONVERSION = YES;
				GCC_WARN_ABOUT_RETURN_TYPE = YES_ERROR;
				GCC_WARN_UNDECLARED_SELECTOR = YES;
				GCC_WARN_UNINITIALIZED_AUTOS = YES_AGGRESSIVE;
				GCC_WARN_UNUSED_FUNCTION = YES;
				GCC_WARN_UNUSED_VARIABLE = YES;
				IPHONEOS_DEPLOYMENT_TARGET = 10.0;
				MTL_ENABLE_DEBUG_INFO = NO;
				SDKROOT = iphoneos;
				SWIFT_OPTIMIZATION_LEVEL = "-Owholemodule";
				VALIDATE_PRODUCT = YES;
			};
			name = Release;
		};
		DC72818A1E0E178E00EEFC57 /* Debug */ = {
			isa = XCBuildConfiguration;
			buildSettings = {
				ASSETCATALOG_COMPILER_APPICON_NAME = AppIcon;
				DEVELOPMENT_TEAM = B863JFBR8K;
				FRAMEWORK_SEARCH_PATHS = (
					"$(inherited)",
					"$(PROJECT_DIR)/Carthage/Build/iOS",
				);
				INFOPLIST_FILE = gitap/Info.plist;
				LD_RUNPATH_SEARCH_PATHS = "$(inherited) @executable_path/Frameworks";
				PRODUCT_BUNDLE_IDENTIFIER = com.justin999.gitap;
				PRODUCT_NAME = "$(TARGET_NAME)";
				SWIFT_VERSION = 3.0;
			};
			name = Debug;
		};
		DC72818B1E0E178E00EEFC57 /* Release */ = {
			isa = XCBuildConfiguration;
			buildSettings = {
				ASSETCATALOG_COMPILER_APPICON_NAME = AppIcon;
				DEVELOPMENT_TEAM = B863JFBR8K;
				FRAMEWORK_SEARCH_PATHS = (
					"$(inherited)",
					"$(PROJECT_DIR)/Carthage/Build/iOS",
				);
				INFOPLIST_FILE = gitap/Info.plist;
				LD_RUNPATH_SEARCH_PATHS = "$(inherited) @executable_path/Frameworks";
				PRODUCT_BUNDLE_IDENTIFIER = com.justin999.gitap;
				PRODUCT_NAME = "$(TARGET_NAME)";
				SWIFT_VERSION = 3.0;
			};
			name = Release;
		};
		DC72818D1E0E178E00EEFC57 /* Debug */ = {
			isa = XCBuildConfiguration;
			buildSettings = {
				ALWAYS_EMBED_SWIFT_STANDARD_LIBRARIES = YES;
				BUNDLE_LOADER = "$(TEST_HOST)";
				DEVELOPMENT_TEAM = B863JFBR8K;
				INFOPLIST_FILE = gitapTests/Info.plist;
				LD_RUNPATH_SEARCH_PATHS = "$(inherited) @executable_path/Frameworks @loader_path/Frameworks";
				PRODUCT_BUNDLE_IDENTIFIER = com.justin999.gitapTests;
				PRODUCT_NAME = "$(TARGET_NAME)";
				SWIFT_VERSION = 3.0;
				TEST_HOST = "$(BUILT_PRODUCTS_DIR)/gitap.app/gitap";
			};
			name = Debug;
		};
		DC72818E1E0E178E00EEFC57 /* Release */ = {
			isa = XCBuildConfiguration;
			buildSettings = {
				ALWAYS_EMBED_SWIFT_STANDARD_LIBRARIES = YES;
				BUNDLE_LOADER = "$(TEST_HOST)";
				DEVELOPMENT_TEAM = B863JFBR8K;
				INFOPLIST_FILE = gitapTests/Info.plist;
				LD_RUNPATH_SEARCH_PATHS = "$(inherited) @executable_path/Frameworks @loader_path/Frameworks";
				PRODUCT_BUNDLE_IDENTIFIER = com.justin999.gitapTests;
				PRODUCT_NAME = "$(TARGET_NAME)";
				SWIFT_VERSION = 3.0;
				TEST_HOST = "$(BUILT_PRODUCTS_DIR)/gitap.app/gitap";
			};
			name = Release;
		};
		DC7281901E0E178E00EEFC57 /* Debug */ = {
			isa = XCBuildConfiguration;
			buildSettings = {
				ALWAYS_EMBED_SWIFT_STANDARD_LIBRARIES = YES;
				DEVELOPMENT_TEAM = B863JFBR8K;
				INFOPLIST_FILE = gitapUITests/Info.plist;
				LD_RUNPATH_SEARCH_PATHS = "$(inherited) @executable_path/Frameworks @loader_path/Frameworks";
				PRODUCT_BUNDLE_IDENTIFIER = com.justin999.gitapUITests;
				PRODUCT_NAME = "$(TARGET_NAME)";
				SWIFT_VERSION = 3.0;
				TEST_TARGET_NAME = gitap;
			};
			name = Debug;
		};
		DC7281911E0E178E00EEFC57 /* Release */ = {
			isa = XCBuildConfiguration;
			buildSettings = {
				ALWAYS_EMBED_SWIFT_STANDARD_LIBRARIES = YES;
				DEVELOPMENT_TEAM = B863JFBR8K;
				INFOPLIST_FILE = gitapUITests/Info.plist;
				LD_RUNPATH_SEARCH_PATHS = "$(inherited) @executable_path/Frameworks @loader_path/Frameworks";
				PRODUCT_BUNDLE_IDENTIFIER = com.justin999.gitapUITests;
				PRODUCT_NAME = "$(TARGET_NAME)";
				SWIFT_VERSION = 3.0;
				TEST_TARGET_NAME = gitap;
			};
			name = Release;
		};
/* End XCBuildConfiguration section */

/* Begin XCConfigurationList section */
		DC72815C1E0E178E00EEFC57 /* Build configuration list for PBXProject "gitap" */ = {
			isa = XCConfigurationList;
			buildConfigurations = (
				DC7281871E0E178E00EEFC57 /* Debug */,
				DC7281881E0E178E00EEFC57 /* Release */,
			);
			defaultConfigurationIsVisible = 0;
			defaultConfigurationName = Release;
		};
		DC7281891E0E178E00EEFC57 /* Build configuration list for PBXNativeTarget "gitap" */ = {
			isa = XCConfigurationList;
			buildConfigurations = (
				DC72818A1E0E178E00EEFC57 /* Debug */,
				DC72818B1E0E178E00EEFC57 /* Release */,
			);
			defaultConfigurationIsVisible = 0;
			defaultConfigurationName = Release;
		};
		DC72818C1E0E178E00EEFC57 /* Build configuration list for PBXNativeTarget "gitapTests" */ = {
			isa = XCConfigurationList;
			buildConfigurations = (
				DC72818D1E0E178E00EEFC57 /* Debug */,
				DC72818E1E0E178E00EEFC57 /* Release */,
			);
			defaultConfigurationIsVisible = 0;
			defaultConfigurationName = Release;
		};
		DC72818F1E0E178E00EEFC57 /* Build configuration list for PBXNativeTarget "gitapUITests" */ = {
			isa = XCConfigurationList;
			buildConfigurations = (
				DC7281901E0E178E00EEFC57 /* Debug */,
				DC7281911E0E178E00EEFC57 /* Release */,
			);
			defaultConfigurationIsVisible = 0;
			defaultConfigurationName = Release;
		};
/* End XCConfigurationList section */
	};
	rootObject = DC7281591E0E178E00EEFC57 /* Project object */;
}
