// !$*UTF8*$!
{
	archiveVersion = 1;
	classes = {
	};
	objectVersion = 46;
	objects = {

/* Begin PBXBuildFile section */
		DC5D649A1E0F9F4B00E92DDD /* Utils.swift in Sources */ = {isa = PBXBuildFile; fileRef = DC5D64991E0F9F4B00E92DDD /* Utils.swift */; };
		DC5D649C1E10005000E92DDD /* SettingsTableViewDelegate.swift in Sources */ = {isa = PBXBuildFile; fileRef = DC5D649B1E10005000E92DDD /* SettingsTableViewDelegate.swift */; };
		DC5D649E1E10006100E92DDD /* SettingsTableViewDataSource.swift in Sources */ = {isa = PBXBuildFile; fileRef = DC5D649D1E10006100E92DDD /* SettingsTableViewDataSource.swift */; };
		DC5D64A11E108E9100E92DDD /* ReposDetailViewController.swift in Sources */ = {isa = PBXBuildFile; fileRef = DC5D649F1E108E9100E92DDD /* ReposDetailViewController.swift */; };
		DC5D64A21E108E9100E92DDD /* ReposDetailViewController.xib in Resources */ = {isa = PBXBuildFile; fileRef = DC5D64A01E108E9100E92DDD /* ReposDetailViewController.xib */; };
		DC5E81D11E115D02008B1971 /* ManageIssuesViewController.swift in Sources */ = {isa = PBXBuildFile; fileRef = DC5E81CF1E115D02008B1971 /* ManageIssuesViewController.swift */; };
		DC5E81D21E115D02008B1971 /* ManageIssuesViewController.xib in Resources */ = {isa = PBXBuildFile; fileRef = DC5E81D01E115D02008B1971 /* ManageIssuesViewController.xib */; };
		DC7281651E0E178E00EEFC57 /* AppDelegate.swift in Sources */ = {isa = PBXBuildFile; fileRef = DC7281641E0E178E00EEFC57 /* AppDelegate.swift */; };
		DC7281671E0E178E00EEFC57 /* FeedsViewController.swift in Sources */ = {isa = PBXBuildFile; fileRef = DC7281661E0E178E00EEFC57 /* FeedsViewController.swift */; };
		DC72816A1E0E178E00EEFC57 /* Main.storyboard in Resources */ = {isa = PBXBuildFile; fileRef = DC7281681E0E178E00EEFC57 /* Main.storyboard */; };
		DC72816C1E0E178E00EEFC57 /* Assets.xcassets in Resources */ = {isa = PBXBuildFile; fileRef = DC72816B1E0E178E00EEFC57 /* Assets.xcassets */; };
		DC72816F1E0E178E00EEFC57 /* LaunchScreen.storyboard in Resources */ = {isa = PBXBuildFile; fileRef = DC72816D1E0E178E00EEFC57 /* LaunchScreen.storyboard */; };
		DC72817A1E0E178E00EEFC57 /* gitapTests.swift in Sources */ = {isa = PBXBuildFile; fileRef = DC7281791E0E178E00EEFC57 /* gitapTests.swift */; };
		DC7281851E0E178E00EEFC57 /* gitapUITests.swift in Sources */ = {isa = PBXBuildFile; fileRef = DC7281841E0E178E00EEFC57 /* gitapUITests.swift */; };
		DC7281931E0E1A7500EEFC57 /* ReposViewController.swift in Sources */ = {isa = PBXBuildFile; fileRef = DC7281921E0E1A7500EEFC57 /* ReposViewController.swift */; };
		DC7281951E0E1A8C00EEFC57 /* SettingsViewController.swift in Sources */ = {isa = PBXBuildFile; fileRef = DC7281941E0E1A8C00EEFC57 /* SettingsViewController.swift */; };
		DC72819D1E0E312E00EEFC57 /* StateController.swift in Sources */ = {isa = PBXBuildFile; fileRef = DC72819C1E0E312E00EEFC57 /* StateController.swift */; };
		DC7281A11E0E325200EEFC57 /* FeedsTableViewDelegate.swift in Sources */ = {isa = PBXBuildFile; fileRef = DC7281A01E0E325200EEFC57 /* FeedsTableViewDelegate.swift */; };
		DC7281A31E0E326500EEFC57 /* FeedsTableViewDataSource.swift in Sources */ = {isa = PBXBuildFile; fileRef = DC7281A21E0E326500EEFC57 /* FeedsTableViewDataSource.swift */; };
		DC7281A61E0E338D00EEFC57 /* FeedsTableViewCell.swift in Sources */ = {isa = PBXBuildFile; fileRef = DC7281A41E0E338D00EEFC57 /* FeedsTableViewCell.swift */; };
		DC7281A71E0E338D00EEFC57 /* FeedsTableViewCell.xib in Resources */ = {isa = PBXBuildFile; fileRef = DC7281A51E0E338D00EEFC57 /* FeedsTableViewCell.xib */; };
		DC7281A91E0F65A000EEFC57 /* ReposTableViewDelegate.swift in Sources */ = {isa = PBXBuildFile; fileRef = DC7281A81E0F65A000EEFC57 /* ReposTableViewDelegate.swift */; };
		DC7281AB1E0F665000EEFC57 /* ReposTableViewDataSource.swift in Sources */ = {isa = PBXBuildFile; fileRef = DC7281AA1E0F665000EEFC57 /* ReposTableViewDataSource.swift */; };
		DC7281AE1E0F6B4C00EEFC57 /* ReposTableViewCell.swift in Sources */ = {isa = PBXBuildFile; fileRef = DC7281AC1E0F6B4C00EEFC57 /* ReposTableViewCell.swift */; };
		DC7281AF1E0F6B4C00EEFC57 /* ReposTableViewCell.xib in Resources */ = {isa = PBXBuildFile; fileRef = DC7281AD1E0F6B4C00EEFC57 /* ReposTableViewCell.xib */; };
		DCC817281E14010700E7056C /* EditIssuesTableViewDelegate.swift in Sources */ = {isa = PBXBuildFile; fileRef = DCC817271E14010700E7056C /* EditIssuesTableViewDelegate.swift */; };
		DCC8172A1E14012000E7056C /* EditIssuesTableViewDataSource.swift in Sources */ = {isa = PBXBuildFile; fileRef = DCC817291E14012000E7056C /* EditIssuesTableViewDataSource.swift */; };
		DCC817311E14E9C600E7056C /* UIView-positioning.swift in Sources */ = {isa = PBXBuildFile; fileRef = DCC817301E14E9C600E7056C /* UIView-positioning.swift */; };
		DCC817371E15ECF700E7056C /* IssuesTableViewDelegate.swift in Sources */ = {isa = PBXBuildFile; fileRef = DCC817361E15ECF700E7056C /* IssuesTableViewDelegate.swift */; };
		DCC817391E15ED2700E7056C /* IssuesTableViewDataSource.swift in Sources */ = {isa = PBXBuildFile; fileRef = DCC817381E15ED2700E7056C /* IssuesTableViewDataSource.swift */; };
		DCC8173C1E15EE5500E7056C /* IssueDetailViewController.swift in Sources */ = {isa = PBXBuildFile; fileRef = DCC8173A1E15EE5500E7056C /* IssueDetailViewController.swift */; };
		DCC8173D1E15EE5500E7056C /* IssueDetailViewController.xib in Resources */ = {isa = PBXBuildFile; fileRef = DCC8173B1E15EE5500E7056C /* IssueDetailViewController.xib */; };
/* End PBXBuildFile section */

/* Begin PBXContainerItemProxy section */
		DC7281761E0E178E00EEFC57 /* PBXContainerItemProxy */ = {
			isa = PBXContainerItemProxy;
			containerPortal = DC7281591E0E178E00EEFC57 /* Project object */;
			proxyType = 1;
			remoteGlobalIDString = DC7281601E0E178E00EEFC57;
			remoteInfo = gitap;
		};
		DC7281811E0E178E00EEFC57 /* PBXContainerItemProxy */ = {
			isa = PBXContainerItemProxy;
			containerPortal = DC7281591E0E178E00EEFC57 /* Project object */;
			proxyType = 1;
			remoteGlobalIDString = DC7281601E0E178E00EEFC57;
			remoteInfo = gitap;
		};
/* End PBXContainerItemProxy section */

/* Begin PBXFileReference section */
		DC5D64991E0F9F4B00E92DDD /* Utils.swift */ = {isa = PBXFileReference; fileEncoding = 4; lastKnownFileType = sourcecode.swift; path = Utils.swift; sourceTree = "<group>"; };
		DC5D649B1E10005000E92DDD /* SettingsTableViewDelegate.swift */ = {isa = PBXFileReference; fileEncoding = 4; lastKnownFileType = sourcecode.swift; path = SettingsTableViewDelegate.swift; sourceTree = "<group>"; };
		DC5D649D1E10006100E92DDD /* SettingsTableViewDataSource.swift */ = {isa = PBXFileReference; fileEncoding = 4; lastKnownFileType = sourcecode.swift; path = SettingsTableViewDataSource.swift; sourceTree = "<group>"; };
		DC5D649F1E108E9100E92DDD /* ReposDetailViewController.swift */ = {isa = PBXFileReference; fileEncoding = 4; lastKnownFileType = sourcecode.swift; path = ReposDetailViewController.swift; sourceTree = "<group>"; };
		DC5D64A01E108E9100E92DDD /* ReposDetailViewController.xib */ = {isa = PBXFileReference; fileEncoding = 4; lastKnownFileType = file.xib; path = ReposDetailViewController.xib; sourceTree = "<group>"; };
		DC5E81CF1E115D02008B1971 /* ManageIssuesViewController.swift */ = {isa = PBXFileReference; fileEncoding = 4; lastKnownFileType = sourcecode.swift; path = ManageIssuesViewController.swift; sourceTree = "<group>"; };
		DC5E81D01E115D02008B1971 /* ManageIssuesViewController.xib */ = {isa = PBXFileReference; fileEncoding = 4; lastKnownFileType = file.xib; path = ManageIssuesViewController.xib; sourceTree = "<group>"; };
		DC7281611E0E178E00EEFC57 /* gitap.app */ = {isa = PBXFileReference; explicitFileType = wrapper.application; includeInIndex = 0; path = gitap.app; sourceTree = BUILT_PRODUCTS_DIR; };
		DC7281641E0E178E00EEFC57 /* AppDelegate.swift */ = {isa = PBXFileReference; lastKnownFileType = sourcecode.swift; path = AppDelegate.swift; sourceTree = "<group>"; };
		DC7281661E0E178E00EEFC57 /* FeedsViewController.swift */ = {isa = PBXFileReference; lastKnownFileType = sourcecode.swift; path = FeedsViewController.swift; sourceTree = "<group>"; };
		DC7281691E0E178E00EEFC57 /* Base */ = {isa = PBXFileReference; lastKnownFileType = file.storyboard; name = Base; path = Base.lproj/Main.storyboard; sourceTree = "<group>"; };
		DC72816B1E0E178E00EEFC57 /* Assets.xcassets */ = {isa = PBXFileReference; lastKnownFileType = folder.assetcatalog; path = Assets.xcassets; sourceTree = "<group>"; };
		DC72816E1E0E178E00EEFC57 /* Base */ = {isa = PBXFileReference; lastKnownFileType = file.storyboard; name = Base; path = Base.lproj/LaunchScreen.storyboard; sourceTree = "<group>"; };
		DC7281701E0E178E00EEFC57 /* Info.plist */ = {isa = PBXFileReference; lastKnownFileType = text.plist.xml; path = Info.plist; sourceTree = "<group>"; };
		DC7281751E0E178E00EEFC57 /* gitapTests.xctest */ = {isa = PBXFileReference; explicitFileType = wrapper.cfbundle; includeInIndex = 0; path = gitapTests.xctest; sourceTree = BUILT_PRODUCTS_DIR; };
		DC7281791E0E178E00EEFC57 /* gitapTests.swift */ = {isa = PBXFileReference; lastKnownFileType = sourcecode.swift; path = gitapTests.swift; sourceTree = "<group>"; };
		DC72817B1E0E178E00EEFC57 /* Info.plist */ = {isa = PBXFileReference; lastKnownFileType = text.plist.xml; path = Info.plist; sourceTree = "<group>"; };
		DC7281801E0E178E00EEFC57 /* gitapUITests.xctest */ = {isa = PBXFileReference; explicitFileType = wrapper.cfbundle; includeInIndex = 0; path = gitapUITests.xctest; sourceTree = BUILT_PRODUCTS_DIR; };
		DC7281841E0E178E00EEFC57 /* gitapUITests.swift */ = {isa = PBXFileReference; lastKnownFileType = sourcecode.swift; path = gitapUITests.swift; sourceTree = "<group>"; };
		DC7281861E0E178E00EEFC57 /* Info.plist */ = {isa = PBXFileReference; lastKnownFileType = text.plist.xml; path = Info.plist; sourceTree = "<group>"; };
		DC7281921E0E1A7500EEFC57 /* ReposViewController.swift */ = {isa = PBXFileReference; fileEncoding = 4; lastKnownFileType = sourcecode.swift; path = ReposViewController.swift; sourceTree = "<group>"; };
		DC7281941E0E1A8C00EEFC57 /* SettingsViewController.swift */ = {isa = PBXFileReference; fileEncoding = 4; lastKnownFileType = sourcecode.swift; path = SettingsViewController.swift; sourceTree = "<group>"; };
		DC72819C1E0E312E00EEFC57 /* StateController.swift */ = {isa = PBXFileReference; fileEncoding = 4; lastKnownFileType = sourcecode.swift; path = StateController.swift; sourceTree = "<group>"; };
		DC7281A01E0E325200EEFC57 /* FeedsTableViewDelegate.swift */ = {isa = PBXFileReference; fileEncoding = 4; lastKnownFileType = sourcecode.swift; path = FeedsTableViewDelegate.swift; sourceTree = "<group>"; };
		DC7281A21E0E326500EEFC57 /* FeedsTableViewDataSource.swift */ = {isa = PBXFileReference; fileEncoding = 4; lastKnownFileType = sourcecode.swift; path = FeedsTableViewDataSource.swift; sourceTree = "<group>"; };
		DC7281A41E0E338D00EEFC57 /* FeedsTableViewCell.swift */ = {isa = PBXFileReference; fileEncoding = 4; lastKnownFileType = sourcecode.swift; path = FeedsTableViewCell.swift; sourceTree = "<group>"; };
		DC7281A51E0E338D00EEFC57 /* FeedsTableViewCell.xib */ = {isa = PBXFileReference; fileEncoding = 4; lastKnownFileType = file.xib; path = FeedsTableViewCell.xib; sourceTree = "<group>"; };
		DC7281A81E0F65A000EEFC57 /* ReposTableViewDelegate.swift */ = {isa = PBXFileReference; fileEncoding = 4; lastKnownFileType = sourcecode.swift; path = ReposTableViewDelegate.swift; sourceTree = "<group>"; };
		DC7281AA1E0F665000EEFC57 /* ReposTableViewDataSource.swift */ = {isa = PBXFileReference; fileEncoding = 4; lastKnownFileType = sourcecode.swift; path = ReposTableViewDataSource.swift; sourceTree = "<group>"; };
		DC7281AC1E0F6B4C00EEFC57 /* ReposTableViewCell.swift */ = {isa = PBXFileReference; fileEncoding = 4; lastKnownFileType = sourcecode.swift; path = ReposTableViewCell.swift; sourceTree = "<group>"; };
		DC7281AD1E0F6B4C00EEFC57 /* ReposTableViewCell.xib */ = {isa = PBXFileReference; fileEncoding = 4; lastKnownFileType = file.xib; path = ReposTableViewCell.xib; sourceTree = "<group>"; };
		DCC817271E14010700E7056C /* EditIssuesTableViewDelegate.swift */ = {isa = PBXFileReference; fileEncoding = 4; lastKnownFileType = sourcecode.swift; path = EditIssuesTableViewDelegate.swift; sourceTree = "<group>"; };
		DCC817291E14012000E7056C /* EditIssuesTableViewDataSource.swift */ = {isa = PBXFileReference; fileEncoding = 4; lastKnownFileType = sourcecode.swift; path = EditIssuesTableViewDataSource.swift; sourceTree = "<group>"; };
		DCC817301E14E9C600E7056C /* UIView-positioning.swift */ = {isa = PBXFileReference; fileEncoding = 4; lastKnownFileType = sourcecode.swift; path = "UIView-positioning.swift"; sourceTree = "<group>"; };
		DCC817361E15ECF700E7056C /* IssuesTableViewDelegate.swift */ = {isa = PBXFileReference; fileEncoding = 4; lastKnownFileType = sourcecode.swift; path = IssuesTableViewDelegate.swift; sourceTree = "<group>"; };
		DCC817381E15ED2700E7056C /* IssuesTableViewDataSource.swift */ = {isa = PBXFileReference; fileEncoding = 4; lastKnownFileType = sourcecode.swift; path = IssuesTableViewDataSource.swift; sourceTree = "<group>"; };
		DCC8173A1E15EE5500E7056C /* IssueDetailViewController.swift */ = {isa = PBXFileReference; fileEncoding = 4; lastKnownFileType = sourcecode.swift; path = IssueDetailViewController.swift; sourceTree = "<group>"; };
		DCC8173B1E15EE5500E7056C /* IssueDetailViewController.xib */ = {isa = PBXFileReference; fileEncoding = 4; lastKnownFileType = file.xib; path = IssueDetailViewController.xib; sourceTree = "<group>"; };
/* End PBXFileReference section */

/* Begin PBXFrameworksBuildPhase section */
		DC72815E1E0E178E00EEFC57 /* Frameworks */ = {
			isa = PBXFrameworksBuildPhase;
			buildActionMask = 2147483647;
			files = (
			);
			runOnlyForDeploymentPostprocessing = 0;
		};
		DC7281721E0E178E00EEFC57 /* Frameworks */ = {
			isa = PBXFrameworksBuildPhase;
			buildActionMask = 2147483647;
			files = (
			);
			runOnlyForDeploymentPostprocessing = 0;
		};
		DC72817D1E0E178E00EEFC57 /* Frameworks */ = {
			isa = PBXFrameworksBuildPhase;
			buildActionMask = 2147483647;
			files = (
			);
			runOnlyForDeploymentPostprocessing = 0;
		};
/* End PBXFrameworksBuildPhase section */

/* Begin PBXGroup section */
		DC7281581E0E178E00EEFC57 = {
			isa = PBXGroup;
			children = (
				DC7281631E0E178E00EEFC57 /* gitap */,
				DC7281781E0E178E00EEFC57 /* gitapTests */,
				DC7281831E0E178E00EEFC57 /* gitapUITests */,
				DC7281621E0E178E00EEFC57 /* Products */,
			);
			sourceTree = "<group>";
		};
		DC7281621E0E178E00EEFC57 /* Products */ = {
			isa = PBXGroup;
			children = (
				DC7281611E0E178E00EEFC57 /* gitap.app */,
				DC7281751E0E178E00EEFC57 /* gitapTests.xctest */,
				DC7281801E0E178E00EEFC57 /* gitapUITests.xctest */,
			);
			name = Products;
			sourceTree = "<group>";
		};
		DC7281631E0E178E00EEFC57 /* gitap */ = {
			isa = PBXGroup;
			children = (
				DC7281641E0E178E00EEFC57 /* AppDelegate.swift */,
				DC72819B1E0E1C4600EEFC57 /* Configs */,
				DC7281961E0E1A9500EEFC57 /* Models */,
				DC7281971E0E1AA200EEFC57 /* Views */,
				DC72819A1E0E1AC000EEFC57 /* ViewControllers */,
				DC7281981E0E1AAB00EEFC57 /* Controllers */,
				DC72819F1E0E320700EEFC57 /* Delegates */,
				DC72819E1E0E31F800EEFC57 /* DataSources */,
				DCC8172F1E14E9A700E7056C /* Extensions */,
				DC72816B1E0E178E00EEFC57 /* Assets.xcassets */,
				DC7281701E0E178E00EEFC57 /* Info.plist */,
				DC5D64991E0F9F4B00E92DDD /* Utils.swift */,
			);
			path = gitap;
			sourceTree = "<group>";
		};
		DC7281781E0E178E00EEFC57 /* gitapTests */ = {
			isa = PBXGroup;
			children = (
				DC7281791E0E178E00EEFC57 /* gitapTests.swift */,
				DC72817B1E0E178E00EEFC57 /* Info.plist */,
			);
			path = gitapTests;
			sourceTree = "<group>";
		};
		DC7281831E0E178E00EEFC57 /* gitapUITests */ = {
			isa = PBXGroup;
			children = (
				DC7281841E0E178E00EEFC57 /* gitapUITests.swift */,
				DC7281861E0E178E00EEFC57 /* Info.plist */,
			);
			path = gitapUITests;
			sourceTree = "<group>";
		};
		DC7281961E0E1A9500EEFC57 /* Models */ = {
			isa = PBXGroup;
			children = (
			);
			name = Models;
			sourceTree = "<group>";
		};
		DC7281971E0E1AA200EEFC57 /* Views */ = {
			isa = PBXGroup;
			children = (
				DC7281681E0E178E00EEFC57 /* Main.storyboard */,
				DC72816D1E0E178E00EEFC57 /* LaunchScreen.storyboard */,
				DC7281A41E0E338D00EEFC57 /* FeedsTableViewCell.swift */,
				DC7281A51E0E338D00EEFC57 /* FeedsTableViewCell.xib */,
				DC7281AC1E0F6B4C00EEFC57 /* ReposTableViewCell.swift */,
				DC7281AD1E0F6B4C00EEFC57 /* ReposTableViewCell.xib */,
			);
			name = Views;
			sourceTree = "<group>";
		};
		DC7281981E0E1AAB00EEFC57 /* Controllers */ = {
			isa = PBXGroup;
			children = (
				DC72819C1E0E312E00EEFC57 /* StateController.swift */,
			);
			name = Controllers;
			sourceTree = "<group>";
		};
		DC72819A1E0E1AC000EEFC57 /* ViewControllers */ = {
			isa = PBXGroup;
			children = (
				DC7281661E0E178E00EEFC57 /* FeedsViewController.swift */,
				DC7281941E0E1A8C00EEFC57 /* SettingsViewController.swift */,
				DC7281921E0E1A7500EEFC57 /* ReposViewController.swift */,
				DC5D649F1E108E9100E92DDD /* ReposDetailViewController.swift */,
				DC5D64A01E108E9100E92DDD /* ReposDetailViewController.xib */,
				DC5E81CF1E115D02008B1971 /* ManageIssuesViewController.swift */,
				DC5E81D01E115D02008B1971 /* ManageIssuesViewController.xib */,
				DCC8173A1E15EE5500E7056C /* IssueDetailViewController.swift */,
				DCC8173B1E15EE5500E7056C /* IssueDetailViewController.xib */,
			);
			name = ViewControllers;
			sourceTree = "<group>";
		};
		DC72819B1E0E1C4600EEFC57 /* Configs */ = {
			isa = PBXGroup;
			children = (
			);
			name = Configs;
			sourceTree = "<group>";
		};
		DC72819E1E0E31F800EEFC57 /* DataSources */ = {
			isa = PBXGroup;
			children = (
				DC7281A21E0E326500EEFC57 /* FeedsTableViewDataSource.swift */,
				DC7281AA1E0F665000EEFC57 /* ReposTableViewDataSource.swift */,
				DC5D649D1E10006100E92DDD /* SettingsTableViewDataSource.swift */,
				DCC817291E14012000E7056C /* EditIssuesTableViewDataSource.swift */,
				DCC817381E15ED2700E7056C /* IssuesTableViewDataSource.swift */,
			);
			name = DataSources;
			sourceTree = "<group>";
		};
		DC72819F1E0E320700EEFC57 /* Delegates */ = {
			isa = PBXGroup;
			children = (
				DC7281A01E0E325200EEFC57 /* FeedsTableViewDelegate.swift */,
				DC7281A81E0F65A000EEFC57 /* ReposTableViewDelegate.swift */,
				DC5D649B1E10005000E92DDD /* SettingsTableViewDelegate.swift */,
				DCC817271E14010700E7056C /* EditIssuesTableViewDelegate.swift */,
				DCC817361E15ECF700E7056C /* IssuesTableViewDelegate.swift */,
			);
			name = Delegates;
			sourceTree = "<group>";
		};
		DCC8172F1E14E9A700E7056C /* Extensions */ = {
			isa = PBXGroup;
			children = (
				DCC817301E14E9C600E7056C /* UIView-positioning.swift */,
			);
			name = Extensions;
			sourceTree = "<group>";
		};
/* End PBXGroup section */

/* Begin PBXNativeTarget section */
		DC7281601E0E178E00EEFC57 /* gitap */ = {
			isa = PBXNativeTarget;
			buildConfigurationList = DC7281891E0E178E00EEFC57 /* Build configuration list for PBXNativeTarget "gitap" */;
			buildPhases = (
				DC72815D1E0E178E00EEFC57 /* Sources */,
				DC72815E1E0E178E00EEFC57 /* Frameworks */,
				DC72815F1E0E178E00EEFC57 /* Resources */,
			);
			buildRules = (
			);
			dependencies = (
			);
			name = gitap;
			productName = gitap;
			productReference = DC7281611E0E178E00EEFC57 /* gitap.app */;
			productType = "com.apple.product-type.application";
		};
		DC7281741E0E178E00EEFC57 /* gitapTests */ = {
			isa = PBXNativeTarget;
			buildConfigurationList = DC72818C1E0E178E00EEFC57 /* Build configuration list for PBXNativeTarget "gitapTests" */;
			buildPhases = (
				DC7281711E0E178E00EEFC57 /* Sources */,
				DC7281721E0E178E00EEFC57 /* Frameworks */,
				DC7281731E0E178E00EEFC57 /* Resources */,
			);
			buildRules = (
			);
			dependencies = (
				DC7281771E0E178E00EEFC57 /* PBXTargetDependency */,
			);
			name = gitapTests;
			productName = gitapTests;
			productReference = DC7281751E0E178E00EEFC57 /* gitapTests.xctest */;
			productType = "com.apple.product-type.bundle.unit-test";
		};
		DC72817F1E0E178E00EEFC57 /* gitapUITests */ = {
			isa = PBXNativeTarget;
			buildConfigurationList = DC72818F1E0E178E00EEFC57 /* Build configuration list for PBXNativeTarget "gitapUITests" */;
			buildPhases = (
				DC72817C1E0E178E00EEFC57 /* Sources */,
				DC72817D1E0E178E00EEFC57 /* Frameworks */,
				DC72817E1E0E178E00EEFC57 /* Resources */,
			);
			buildRules = (
			);
			dependencies = (
				DC7281821E0E178E00EEFC57 /* PBXTargetDependency */,
			);
			name = gitapUITests;
			productName = gitapUITests;
			productReference = DC7281801E0E178E00EEFC57 /* gitapUITests.xctest */;
			productType = "com.apple.product-type.bundle.ui-testing";
		};
/* End PBXNativeTarget section */

/* Begin PBXProject section */
		DC7281591E0E178E00EEFC57 /* Project object */ = {
			isa = PBXProject;
			attributes = {
				LastSwiftUpdateCheck = 0820;
				LastUpgradeCheck = 0820;
				ORGANIZATIONNAME = "Koichi Sato";
				TargetAttributes = {
					DC7281601E0E178E00EEFC57 = {
						CreatedOnToolsVersion = 8.2;
						DevelopmentTeam = B863JFBR8K;
						ProvisioningStyle = Automatic;
					};
					DC7281741E0E178E00EEFC57 = {
						CreatedOnToolsVersion = 8.2;
						DevelopmentTeam = B863JFBR8K;
						ProvisioningStyle = Automatic;
						TestTargetID = DC7281601E0E178E00EEFC57;
					};
					DC72817F1E0E178E00EEFC57 = {
						CreatedOnToolsVersion = 8.2;
						DevelopmentTeam = B863JFBR8K;
						ProvisioningStyle = Automatic;
						TestTargetID = DC7281601E0E178E00EEFC57;
					};
				};
			};
			buildConfigurationList = DC72815C1E0E178E00EEFC57 /* Build configuration list for PBXProject "gitap" */;
			compatibilityVersion = "Xcode 3.2";
			developmentRegion = English;
			hasScannedForEncodings = 0;
			knownRegions = (
				en,
				Base,
			);
			mainGroup = DC7281581E0E178E00EEFC57;
			productRefGroup = DC7281621E0E178E00EEFC57 /* Products */;
			projectDirPath = "";
			projectRoot = "";
			targets = (
				DC7281601E0E178E00EEFC57 /* gitap */,
				DC7281741E0E178E00EEFC57 /* gitapTests */,
				DC72817F1E0E178E00EEFC57 /* gitapUITests */,
			);
		};
/* End PBXProject section */

/* Begin PBXResourcesBuildPhase section */
		DC72815F1E0E178E00EEFC57 /* Resources */ = {
			isa = PBXResourcesBuildPhase;
			buildActionMask = 2147483647;
			files = (
				DC72816F1E0E178E00EEFC57 /* LaunchScreen.storyboard in Resources */,
				DCC8173D1E15EE5500E7056C /* IssueDetailViewController.xib in Resources */,
				DC7281AF1E0F6B4C00EEFC57 /* ReposTableViewCell.xib in Resources */,
				DC5E81D21E115D02008B1971 /* ManageIssuesViewController.xib in Resources */,
				DC7281A71E0E338D00EEFC57 /* FeedsTableViewCell.xib in Resources */,
				DC72816C1E0E178E00EEFC57 /* Assets.xcassets in Resources */,
				DC72816A1E0E178E00EEFC57 /* Main.storyboard in Resources */,
				DC5D64A21E108E9100E92DDD /* ReposDetailViewController.xib in Resources */,
			);
			runOnlyForDeploymentPostprocessing = 0;
		};
		DC7281731E0E178E00EEFC57 /* Resources */ = {
			isa = PBXResourcesBuildPhase;
			buildActionMask = 2147483647;
			files = (
			);
			runOnlyForDeploymentPostprocessing = 0;
		};
		DC72817E1E0E178E00EEFC57 /* Resources */ = {
			isa = PBXResourcesBuildPhase;
			buildActionMask = 2147483647;
			files = (
			);
			runOnlyForDeploymentPostprocessing = 0;
		};
/* End PBXResourcesBuildPhase section */

/* Begin PBXSourcesBuildPhase section */
		DC72815D1E0E178E00EEFC57 /* Sources */ = {
			isa = PBXSourcesBuildPhase;
			buildActionMask = 2147483647;
			files = (
				DC5D649E1E10006100E92DDD /* SettingsTableViewDataSource.swift in Sources */,
				DC7281AB1E0F665000EEFC57 /* ReposTableViewDataSource.swift in Sources */,
				DC7281931E0E1A7500EEFC57 /* ReposViewController.swift in Sources */,
				DCC817281E14010700E7056C /* EditIssuesTableViewDelegate.swift in Sources */,
				DC7281671E0E178E00EEFC57 /* FeedsViewController.swift in Sources */,
				DC7281651E0E178E00EEFC57 /* AppDelegate.swift in Sources */,
				DC7281951E0E1A8C00EEFC57 /* SettingsViewController.swift in Sources */,
				DC7281A11E0E325200EEFC57 /* FeedsTableViewDelegate.swift in Sources */,
				DCC8172A1E14012000E7056C /* EditIssuesTableViewDataSource.swift in Sources */,
				DC7281A61E0E338D00EEFC57 /* FeedsTableViewCell.swift in Sources */,
				DC5D64A11E108E9100E92DDD /* ReposDetailViewController.swift in Sources */,
				DCC817371E15ECF700E7056C /* IssuesTableViewDelegate.swift in Sources */,
				DC7281AE1E0F6B4C00EEFC57 /* ReposTableViewCell.swift in Sources */,
				DCC8173C1E15EE5500E7056C /* IssueDetailViewController.swift in Sources */,
				DCC817391E15ED2700E7056C /* IssuesTableViewDataSource.swift in Sources */,
				DCC817311E14E9C600E7056C /* UIView-positioning.swift in Sources */,
				DC7281A31E0E326500EEFC57 /* FeedsTableViewDataSource.swift in Sources */,
				DC5E81D11E115D02008B1971 /* ManageIssuesViewController.swift in Sources */,
				DC72819D1E0E312E00EEFC57 /* StateController.swift in Sources */,
				DC7281A91E0F65A000EEFC57 /* ReposTableViewDelegate.swift in Sources */,
				DC5D649A1E0F9F4B00E92DDD /* Utils.swift in Sources */,
				DC5D649C1E10005000E92DDD /* SettingsTableViewDelegate.swift in Sources */,
			);
			runOnlyForDeploymentPostprocessing = 0;
		};
		DC7281711E0E178E00EEFC57 /* Sources */ = {
			isa = PBXSourcesBuildPhase;
			buildActionMask = 2147483647;
			files = (
				DC72817A1E0E178E00EEFC57 /* gitapTests.swift in Sources */,
			);
			runOnlyForDeploymentPostprocessing = 0;
		};
		DC72817C1E0E178E00EEFC57 /* Sources */ = {
			isa = PBXSourcesBuildPhase;
			buildActionMask = 2147483647;
			files = (
				DC7281851E0E178E00EEFC57 /* gitapUITests.swift in Sources */,
			);
			runOnlyForDeploymentPostprocessing = 0;
		};
/* End PBXSourcesBuildPhase section */

/* Begin PBXTargetDependency section */
		DC7281771E0E178E00EEFC57 /* PBXTargetDependency */ = {
			isa = PBXTargetDependency;
			target = DC7281601E0E178E00EEFC57 /* gitap */;
			targetProxy = DC7281761E0E178E00EEFC57 /* PBXContainerItemProxy */;
		};
		DC7281821E0E178E00EEFC57 /* PBXTargetDependency */ = {
			isa = PBXTargetDependency;
			target = DC7281601E0E178E00EEFC57 /* gitap */;
			targetProxy = DC7281811E0E178E00EEFC57 /* PBXContainerItemProxy */;
		};
/* End PBXTargetDependency section */

/* Begin PBXVariantGroup section */
		DC7281681E0E178E00EEFC57 /* Main.storyboard */ = {
			isa = PBXVariantGroup;
			children = (
				DC7281691E0E178E00EEFC57 /* Base */,
			);
			name = Main.storyboard;
			sourceTree = "<group>";
		};
		DC72816D1E0E178E00EEFC57 /* LaunchScreen.storyboard */ = {
			isa = PBXVariantGroup;
			children = (
				DC72816E1E0E178E00EEFC57 /* Base */,
			);
			name = LaunchScreen.storyboard;
			sourceTree = "<group>";
		};
/* End PBXVariantGroup section */

/* Begin XCBuildConfiguration section */
		DC7281871E0E178E00EEFC57 /* Debug */ = {
			isa = XCBuildConfiguration;
			buildSettings = {
				ALWAYS_SEARCH_USER_PATHS = NO;
				CLANG_ANALYZER_NONNULL = YES;
				CLANG_CXX_LANGUAGE_STANDARD = "gnu++0x";
				CLANG_CXX_LIBRARY = "libc++";
				CLANG_ENABLE_MODULES = YES;
				CLANG_ENABLE_OBJC_ARC = YES;
				CLANG_WARN_BOOL_CONVERSION = YES;
				CLANG_WARN_CONSTANT_CONVERSION = YES;
				CLANG_WARN_DIRECT_OBJC_ISA_USAGE = YES_ERROR;
				CLANG_WARN_DOCUMENTATION_COMMENTS = YES;
				CLANG_WARN_EMPTY_BODY = YES;
				CLANG_WARN_ENUM_CONVERSION = YES;
				CLANG_WARN_INFINITE_RECURSION = YES;
				CLANG_WARN_INT_CONVERSION = YES;
				CLANG_WARN_OBJC_ROOT_CLASS = YES_ERROR;
				CLANG_WARN_SUSPICIOUS_MOVE = YES;
				CLANG_WARN_UNREACHABLE_CODE = YES;
				CLANG_WARN__DUPLICATE_METHOD_MATCH = YES;
				"CODE_SIGN_IDENTITY[sdk=iphoneos*]" = "iPhone Developer";
				COPY_PHASE_STRIP = NO;
				DEBUG_INFORMATION_FORMAT = dwarf;
				ENABLE_STRICT_OBJC_MSGSEND = YES;
				ENABLE_TESTABILITY = YES;
				GCC_C_LANGUAGE_STANDARD = gnu99;
				GCC_DYNAMIC_NO_PIC = NO;
				GCC_NO_COMMON_BLOCKS = YES;
				GCC_OPTIMIZATION_LEVEL = 0;
				GCC_PREPROCESSOR_DEFINITIONS = (
					"DEBUG=1",
					"$(inherited)",
				);
				GCC_WARN_64_TO_32_BIT_CONVERSION = YES;
				GCC_WARN_ABOUT_RETURN_TYPE = YES_ERROR;
				GCC_WARN_UNDECLARED_SELECTOR = YES;
				GCC_WARN_UNINITIALIZED_AUTOS = YES_AGGRESSIVE;
				GCC_WARN_UNUSED_FUNCTION = YES;
				GCC_WARN_UNUSED_VARIABLE = YES;
				IPHONEOS_DEPLOYMENT_TARGET = 10.2;
				MTL_ENABLE_DEBUG_INFO = YES;
				ONLY_ACTIVE_ARCH = YES;
				SDKROOT = iphoneos;
				SWIFT_ACTIVE_COMPILATION_CONDITIONS = DEBUG;
				SWIFT_OPTIMIZATION_LEVEL = "-Onone";
			};
			name = Debug;
		};
		DC7281881E0E178E00EEFC57 /* Release */ = {
			isa = XCBuildConfiguration;
			buildSettings = {
				ALWAYS_SEARCH_USER_PATHS = NO;
				CLANG_ANALYZER_NONNULL = YES;
				CLANG_CXX_LANGUAGE_STANDARD = "gnu++0x";
				CLANG_CXX_LIBRARY = "libc++";
				CLANG_ENABLE_MODULES = YES;
				CLANG_ENABLE_OBJC_ARC = YES;
				CLANG_WARN_BOOL_CONVERSION = YES;
				CLANG_WARN_CONSTANT_CONVERSION = YES;
				CLANG_WARN_DIRECT_OBJC_ISA_USAGE = YES_ERROR;
				CLANG_WARN_DOCUMENTATION_COMMENTS = YES;
				CLANG_WARN_EMPTY_BODY = YES;
				CLANG_WARN_ENUM_CONVERSION = YES;
				CLANG_WARN_INFINITE_RECURSION = YES;
				CLANG_WARN_INT_CONVERSION = YES;
				CLANG_WARN_OBJC_ROOT_CLASS = YES_ERROR;
				CLANG_WARN_SUSPICIOUS_MOVE = YES;
				CLANG_WARN_UNREACHABLE_CODE = YES;
				CLANG_WARN__DUPLICATE_METHOD_MATCH = YES;
				"CODE_SIGN_IDENTITY[sdk=iphoneos*]" = "iPhone Developer";
				COPY_PHASE_STRIP = NO;
				DEBUG_INFORMATION_FORMAT = "dwarf-with-dsym";
				ENABLE_NS_ASSERTIONS = NO;
				ENABLE_STRICT_OBJC_MSGSEND = YES;
				GCC_C_LANGUAGE_STANDARD = gnu99;
				GCC_NO_COMMON_BLOCKS = YES;
				GCC_WARN_64_TO_32_BIT_CONVERSION = YES;
				GCC_WARN_ABOUT_RETURN_TYPE = YES_ERROR;
				GCC_WARN_UNDECLARED_SELECTOR = YES;
				GCC_WARN_UNINITIALIZED_AUTOS = YES_AGGRESSIVE;
				GCC_WARN_UNUSED_FUNCTION = YES;
				GCC_WARN_UNUSED_VARIABLE = YES;
				IPHONEOS_DEPLOYMENT_TARGET = 10.2;
				MTL_ENABLE_DEBUG_INFO = NO;
				SDKROOT = iphoneos;
				SWIFT_OPTIMIZATION_LEVEL = "-Owholemodule";
				VALIDATE_PRODUCT = YES;
			};
			name = Release;
		};
		DC72818A1E0E178E00EEFC57 /* Debug */ = {
			isa = XCBuildConfiguration;
			buildSettings = {
				ASSETCATALOG_COMPILER_APPICON_NAME = AppIcon;
				DEVELOPMENT_TEAM = B863JFBR8K;
				INFOPLIST_FILE = gitap/Info.plist;
				LD_RUNPATH_SEARCH_PATHS = "$(inherited) @executable_path/Frameworks";
				PRODUCT_BUNDLE_IDENTIFIER = com.justin999.gitap;
				PRODUCT_NAME = "$(TARGET_NAME)";
				SWIFT_VERSION = 3.0;
			};
			name = Debug;
		};
		DC72818B1E0E178E00EEFC57 /* Release */ = {
			isa = XCBuildConfiguration;
			buildSettings = {
				ASSETCATALOG_COMPILER_APPICON_NAME = AppIcon;
				DEVELOPMENT_TEAM = B863JFBR8K;
				INFOPLIST_FILE = gitap/Info.plist;
				LD_RUNPATH_SEARCH_PATHS = "$(inherited) @executable_path/Frameworks";
				PRODUCT_BUNDLE_IDENTIFIER = com.justin999.gitap;
				PRODUCT_NAME = "$(TARGET_NAME)";
				SWIFT_VERSION = 3.0;
			};
			name = Release;
		};
		DC72818D1E0E178E00EEFC57 /* Debug */ = {
			isa = XCBuildConfiguration;
			buildSettings = {
				ALWAYS_EMBED_SWIFT_STANDARD_LIBRARIES = YES;
				BUNDLE_LOADER = "$(TEST_HOST)";
				DEVELOPMENT_TEAM = B863JFBR8K;
				INFOPLIST_FILE = gitapTests/Info.plist;
				LD_RUNPATH_SEARCH_PATHS = "$(inherited) @executable_path/Frameworks @loader_path/Frameworks";
				PRODUCT_BUNDLE_IDENTIFIER = com.justin999.gitapTests;
				PRODUCT_NAME = "$(TARGET_NAME)";
				SWIFT_VERSION = 3.0;
				TEST_HOST = "$(BUILT_PRODUCTS_DIR)/gitap.app/gitap";
			};
			name = Debug;
		};
		DC72818E1E0E178E00EEFC57 /* Release */ = {
			isa = XCBuildConfiguration;
			buildSettings = {
				ALWAYS_EMBED_SWIFT_STANDARD_LIBRARIES = YES;
				BUNDLE_LOADER = "$(TEST_HOST)";
				DEVELOPMENT_TEAM = B863JFBR8K;
				INFOPLIST_FILE = gitapTests/Info.plist;
				LD_RUNPATH_SEARCH_PATHS = "$(inherited) @executable_path/Frameworks @loader_path/Frameworks";
				PRODUCT_BUNDLE_IDENTIFIER = com.justin999.gitapTests;
				PRODUCT_NAME = "$(TARGET_NAME)";
				SWIFT_VERSION = 3.0;
				TEST_HOST = "$(BUILT_PRODUCTS_DIR)/gitap.app/gitap";
			};
			name = Release;
		};
		DC7281901E0E178E00EEFC57 /* Debug */ = {
			isa = XCBuildConfiguration;
			buildSettings = {
				ALWAYS_EMBED_SWIFT_STANDARD_LIBRARIES = YES;
				DEVELOPMENT_TEAM = B863JFBR8K;
				INFOPLIST_FILE = gitapUITests/Info.plist;
				LD_RUNPATH_SEARCH_PATHS = "$(inherited) @executable_path/Frameworks @loader_path/Frameworks";
				PRODUCT_BUNDLE_IDENTIFIER = com.justin999.gitapUITests;
				PRODUCT_NAME = "$(TARGET_NAME)";
				SWIFT_VERSION = 3.0;
				TEST_TARGET_NAME = gitap;
			};
			name = Debug;
		};
		DC7281911E0E178E00EEFC57 /* Release */ = {
			isa = XCBuildConfiguration;
			buildSettings = {
				ALWAYS_EMBED_SWIFT_STANDARD_LIBRARIES = YES;
				DEVELOPMENT_TEAM = B863JFBR8K;
				INFOPLIST_FILE = gitapUITests/Info.plist;
				LD_RUNPATH_SEARCH_PATHS = "$(inherited) @executable_path/Frameworks @loader_path/Frameworks";
				PRODUCT_BUNDLE_IDENTIFIER = com.justin999.gitapUITests;
				PRODUCT_NAME = "$(TARGET_NAME)";
				SWIFT_VERSION = 3.0;
				TEST_TARGET_NAME = gitap;
			};
			name = Release;
		};
/* End XCBuildConfiguration section */

/* Begin XCConfigurationList section */
		DC72815C1E0E178E00EEFC57 /* Build configuration list for PBXProject "gitap" */ = {
			isa = XCConfigurationList;
			buildConfigurations = (
				DC7281871E0E178E00EEFC57 /* Debug */,
				DC7281881E0E178E00EEFC57 /* Release */,
			);
			defaultConfigurationIsVisible = 0;
			defaultConfigurationName = Release;
		};
		DC7281891E0E178E00EEFC57 /* Build configuration list for PBXNativeTarget "gitap" */ = {
			isa = XCConfigurationList;
			buildConfigurations = (
				DC72818A1E0E178E00EEFC57 /* Debug */,
				DC72818B1E0E178E00EEFC57 /* Release */,
			);
			defaultConfigurationIsVisible = 0;
			defaultConfigurationName = Release;
		};
		DC72818C1E0E178E00EEFC57 /* Build configuration list for PBXNativeTarget "gitapTests" */ = {
			isa = XCConfigurationList;
			buildConfigurations = (
				DC72818D1E0E178E00EEFC57 /* Debug */,
				DC72818E1E0E178E00EEFC57 /* Release */,
			);
			defaultConfigurationIsVisible = 0;
			defaultConfigurationName = Release;
		};
		DC72818F1E0E178E00EEFC57 /* Build configuration list for PBXNativeTarget "gitapUITests" */ = {
			isa = XCConfigurationList;
			buildConfigurations = (
				DC7281901E0E178E00EEFC57 /* Debug */,
				DC7281911E0E178E00EEFC57 /* Release */,
			);
			defaultConfigurationIsVisible = 0;
			defaultConfigurationName = Release;
		};
/* End XCConfigurationList section */
	};
	rootObject = DC7281591E0E178E00EEFC57 /* Project object */;
}
